// !$*UTF8*$!
{
	archiveVersion = 1;
	classes = {
	};
	objectVersion = 46;
	objects = {

/* Begin PBXBuildFile section */
		48059A071A25E0D700A1367C /* main.m in Sources */ = {isa = PBXBuildFile; fileRef = 48059A061A25E0D700A1367C /* main.m */; };
		48059A0A1A25E0D800A1367C /* AppDelegate.m in Sources */ = {isa = PBXBuildFile; fileRef = 48059A091A25E0D700A1367C /* AppDelegate.m */; };
		48059A0C1A25E0D800A1367C /* Images.xcassets in Resources */ = {isa = PBXBuildFile; fileRef = 48059A0B1A25E0D800A1367C /* Images.xcassets */; };
		48059A0F1A25E0D800A1367C /* MainMenu.xib in Resources */ = {isa = PBXBuildFile; fileRef = 48059A0D1A25E0D800A1367C /* MainMenu.xib */; };
		48059A1B1A25E0D800A1367C /* SSPackUtilTests.m in Sources */ = {isa = PBXBuildFile; fileRef = 48059A1A1A25E0D800A1367C /* SSPackUtilTests.m */; };
		48059A271A25E73600A1367C /* MasterViewController.m in Sources */ = {isa = PBXBuildFile; fileRef = 48059A251A25E73600A1367C /* MasterViewController.m */; };
		48059A281A25E73600A1367C /* MasterViewController.xib in Resources */ = {isa = PBXBuildFile; fileRef = 48059A261A25E73600A1367C /* MasterViewController.xib */; };
		48059A2B1A25F67700A1367C /* ZCLChannelManager.m in Sources */ = {isa = PBXBuildFile; fileRef = 48059A2A1A25F67700A1367C /* ZCLChannelManager.m */; };
		48059A2E1A25F6D100A1367C /* ZCLChannelModel.m in Sources */ = {isa = PBXBuildFile; fileRef = 48059A2D1A25F6D100A1367C /* ZCLChannelModel.m */; };
		48059A311A26136A00A1367C /* ZCLChannelTableCellView.m in Sources */ = {isa = PBXBuildFile; fileRef = 48059A301A26136A00A1367C /* ZCLChannelTableCellView.m */; };
		48059A331A26E1A700A1367C /* pack.sh in Resources */ = {isa = PBXBuildFile; fileRef = 48059A321A26E1A700A1367C /* pack.sh */; };
/* End PBXBuildFile section */

/* Begin PBXContainerItemProxy section */
		48059A151A25E0D800A1367C /* PBXContainerItemProxy */ = {
			isa = PBXContainerItemProxy;
			containerPortal = 480599F91A25E0D700A1367C /* Project object */;
			proxyType = 1;
			remoteGlobalIDString = 48059A001A25E0D700A1367C;
			remoteInfo = SSPackUtil;
		};
/* End PBXContainerItemProxy section */

/* Begin PBXFileReference section */
		48059A011A25E0D700A1367C /* SSPackUtil.app */ = {isa = PBXFileReference; explicitFileType = wrapper.application; includeInIndex = 0; path = SSPackUtil.app; sourceTree = BUILT_PRODUCTS_DIR; };
		48059A051A25E0D700A1367C /* Info.plist */ = {isa = PBXFileReference; lastKnownFileType = text.plist.xml; path = Info.plist; sourceTree = "<group>"; };
		48059A061A25E0D700A1367C /* main.m */ = {isa = PBXFileReference; lastKnownFileType = sourcecode.c.objc; path = main.m; sourceTree = "<group>"; };
		48059A081A25E0D700A1367C /* AppDelegate.h */ = {isa = PBXFileReference; lastKnownFileType = sourcecode.c.h; path = AppDelegate.h; sourceTree = "<group>"; };
		48059A091A25E0D700A1367C /* AppDelegate.m */ = {isa = PBXFileReference; lastKnownFileType = sourcecode.c.objc; path = AppDelegate.m; sourceTree = "<group>"; };
		48059A0B1A25E0D800A1367C /* Images.xcassets */ = {isa = PBXFileReference; lastKnownFileType = folder.assetcatalog; path = Images.xcassets; sourceTree = "<group>"; };
		48059A0E1A25E0D800A1367C /* Base */ = {isa = PBXFileReference; lastKnownFileType = file.xib; name = Base; path = Base.lproj/MainMenu.xib; sourceTree = "<group>"; };
		48059A141A25E0D800A1367C /* SSPackUtilTests.xctest */ = {isa = PBXFileReference; explicitFileType = wrapper.cfbundle; includeInIndex = 0; path = SSPackUtilTests.xctest; sourceTree = BUILT_PRODUCTS_DIR; };
		48059A191A25E0D800A1367C /* Info.plist */ = {isa = PBXFileReference; lastKnownFileType = text.plist.xml; path = Info.plist; sourceTree = "<group>"; };
		48059A1A1A25E0D800A1367C /* SSPackUtilTests.m */ = {isa = PBXFileReference; lastKnownFileType = sourcecode.c.objc; path = SSPackUtilTests.m; sourceTree = "<group>"; };
		48059A241A25E73600A1367C /* MasterViewController.h */ = {isa = PBXFileReference; fileEncoding = 4; lastKnownFileType = sourcecode.c.h; path = MasterViewController.h; sourceTree = "<group>"; };
		48059A251A25E73600A1367C /* MasterViewController.m */ = {isa = PBXFileReference; fileEncoding = 4; lastKnownFileType = sourcecode.c.objc; path = MasterViewController.m; sourceTree = "<group>"; };
		48059A261A25E73600A1367C /* MasterViewController.xib */ = {isa = PBXFileReference; fileEncoding = 4; lastKnownFileType = file.xib; path = MasterViewController.xib; sourceTree = "<group>"; };
		48059A291A25F67700A1367C /* ZCLChannelManager.h */ = {isa = PBXFileReference; fileEncoding = 4; lastKnownFileType = sourcecode.c.h; path = ZCLChannelManager.h; sourceTree = "<group>"; };
		48059A2A1A25F67700A1367C /* ZCLChannelManager.m */ = {isa = PBXFileReference; fileEncoding = 4; lastKnownFileType = sourcecode.c.objc; path = ZCLChannelManager.m; sourceTree = "<group>"; };
		48059A2C1A25F6D100A1367C /* ZCLChannelModel.h */ = {isa = PBXFileReference; fileEncoding = 4; lastKnownFileType = sourcecode.c.h; path = ZCLChannelModel.h; sourceTree = "<group>"; };
		48059A2D1A25F6D100A1367C /* ZCLChannelModel.m */ = {isa = PBXFileReference; fileEncoding = 4; lastKnownFileType = sourcecode.c.objc; path = ZCLChannelModel.m; sourceTree = "<group>"; };
		48059A2F1A26136A00A1367C /* ZCLChannelTableCellView.h */ = {isa = PBXFileReference; fileEncoding = 4; lastKnownFileType = sourcecode.c.h; path = ZCLChannelTableCellView.h; sourceTree = "<group>"; };
		48059A301A26136A00A1367C /* ZCLChannelTableCellView.m */ = {isa = PBXFileReference; fileEncoding = 4; lastKnownFileType = sourcecode.c.objc; path = ZCLChannelTableCellView.m; sourceTree = "<group>"; };
		48059A321A26E1A700A1367C /* pack.sh */ = {isa = PBXFileReference; fileEncoding = 4; lastKnownFileType = text.script.sh; path = pack.sh; sourceTree = "<group>"; };
		48059A361A2700AE00A1367C /* SSPackUtil.entitlements */ = {isa = PBXFileReference; lastKnownFileType = text.xml; path = SSPackUtil.entitlements; sourceTree = "<group>"; };
/* End PBXFileReference section */

/* Begin PBXFrameworksBuildPhase section */
		480599FE1A25E0D700A1367C /* Frameworks */ = {
			isa = PBXFrameworksBuildPhase;
			buildActionMask = 2147483647;
			files = (
			);
			runOnlyForDeploymentPostprocessing = 0;
		};
		48059A111A25E0D800A1367C /* Frameworks */ = {
			isa = PBXFrameworksBuildPhase;
			buildActionMask = 2147483647;
			files = (
			);
			runOnlyForDeploymentPostprocessing = 0;
		};
/* End PBXFrameworksBuildPhase section */

/* Begin PBXGroup section */
		480599F81A25E0D700A1367C = {
			isa = PBXGroup;
			children = (
				48059A031A25E0D700A1367C /* SSPackUtil */,
				48059A171A25E0D800A1367C /* SSPackUtilTests */,
				48059A021A25E0D700A1367C /* Products */,
			);
			sourceTree = "<group>";
		};
		48059A021A25E0D700A1367C /* Products */ = {
			isa = PBXGroup;
			children = (
				48059A011A25E0D700A1367C /* SSPackUtil.app */,
				48059A141A25E0D800A1367C /* SSPackUtilTests.xctest */,
			);
			name = Products;
			sourceTree = "<group>";
		};
		48059A031A25E0D700A1367C /* SSPackUtil */ = {
			isa = PBXGroup;
			children = (
				48059A361A2700AE00A1367C /* SSPackUtil.entitlements */,
				48059A321A26E1A700A1367C /* pack.sh */,
				48059A081A25E0D700A1367C /* AppDelegate.h */,
				48059A091A25E0D700A1367C /* AppDelegate.m */,
				48059A0B1A25E0D800A1367C /* Images.xcassets */,
				48059A0D1A25E0D800A1367C /* MainMenu.xib */,
				48059A041A25E0D700A1367C /* Supporting Files */,
				48059A241A25E73600A1367C /* MasterViewController.h */,
				48059A251A25E73600A1367C /* MasterViewController.m */,
				48059A261A25E73600A1367C /* MasterViewController.xib */,
				48059A291A25F67700A1367C /* ZCLChannelManager.h */,
				48059A2A1A25F67700A1367C /* ZCLChannelManager.m */,
				48059A2C1A25F6D100A1367C /* ZCLChannelModel.h */,
				48059A2D1A25F6D100A1367C /* ZCLChannelModel.m */,
				48059A2F1A26136A00A1367C /* ZCLChannelTableCellView.h */,
				48059A301A26136A00A1367C /* ZCLChannelTableCellView.m */,
			);
			path = SSPackUtil;
			sourceTree = "<group>";
		};
		48059A041A25E0D700A1367C /* Supporting Files */ = {
			isa = PBXGroup;
			children = (
				48059A051A25E0D700A1367C /* Info.plist */,
				48059A061A25E0D700A1367C /* main.m */,
			);
			name = "Supporting Files";
			sourceTree = "<group>";
		};
		48059A171A25E0D800A1367C /* SSPackUtilTests */ = {
			isa = PBXGroup;
			children = (
				48059A1A1A25E0D800A1367C /* SSPackUtilTests.m */,
				48059A181A25E0D800A1367C /* Supporting Files */,
			);
			path = SSPackUtilTests;
			sourceTree = "<group>";
		};
		48059A181A25E0D800A1367C /* Supporting Files */ = {
			isa = PBXGroup;
			children = (
				48059A191A25E0D800A1367C /* Info.plist */,
			);
			name = "Supporting Files";
			sourceTree = "<group>";
		};
/* End PBXGroup section */

/* Begin PBXNativeTarget section */
		48059A001A25E0D700A1367C /* SSPackUtil */ = {
			isa = PBXNativeTarget;
			buildConfigurationList = 48059A1E1A25E0D800A1367C /* Build configuration list for PBXNativeTarget "SSPackUtil" */;
			buildPhases = (
				480599FD1A25E0D700A1367C /* Sources */,
				480599FE1A25E0D700A1367C /* Frameworks */,
				480599FF1A25E0D700A1367C /* Resources */,
			);
			buildRules = (
			);
			dependencies = (
			);
			name = SSPackUtil;
			productName = SSPackUtil;
			productReference = 48059A011A25E0D700A1367C /* SSPackUtil.app */;
			productType = "com.apple.product-type.application";
		};
		48059A131A25E0D800A1367C /* SSPackUtilTests */ = {
			isa = PBXNativeTarget;
			buildConfigurationList = 48059A211A25E0D800A1367C /* Build configuration list for PBXNativeTarget "SSPackUtilTests" */;
			buildPhases = (
				48059A101A25E0D800A1367C /* Sources */,
				48059A111A25E0D800A1367C /* Frameworks */,
				48059A121A25E0D800A1367C /* Resources */,
			);
			buildRules = (
			);
			dependencies = (
				48059A161A25E0D800A1367C /* PBXTargetDependency */,
			);
			name = SSPackUtilTests;
			productName = SSPackUtilTests;
			productReference = 48059A141A25E0D800A1367C /* SSPackUtilTests.xctest */;
			productType = "com.apple.product-type.bundle.unit-test";
		};
/* End PBXNativeTarget section */

/* Begin PBXProject section */
		480599F91A25E0D700A1367C /* Project object */ = {
			isa = PBXProject;
			attributes = {
				LastUpgradeCheck = 0600;
				ORGANIZATIONNAME = leonardo;
				TargetAttributes = {
					48059A001A25E0D700A1367C = {
						CreatedOnToolsVersion = 6.0.1;
						SystemCapabilities = {
							com.apple.Sandbox = {
								enabled = 0;
							};
						};
					};
					48059A131A25E0D800A1367C = {
						CreatedOnToolsVersion = 6.0.1;
						TestTargetID = 48059A001A25E0D700A1367C;
					};
				};
			};
			buildConfigurationList = 480599FC1A25E0D700A1367C /* Build configuration list for PBXProject "SSPackUtil" */;
			compatibilityVersion = "Xcode 3.2";
			developmentRegion = English;
			hasScannedForEncodings = 0;
			knownRegions = (
				en,
				Base,
			);
			mainGroup = 480599F81A25E0D700A1367C;
			productRefGroup = 48059A021A25E0D700A1367C /* Products */;
			projectDirPath = "";
			projectRoot = "";
			targets = (
				48059A001A25E0D700A1367C /* SSPackUtil */,
				48059A131A25E0D800A1367C /* SSPackUtilTests */,
			);
		};
/* End PBXProject section */

/* Begin PBXResourcesBuildPhase section */
		480599FF1A25E0D700A1367C /* Resources */ = {
			isa = PBXResourcesBuildPhase;
			buildActionMask = 2147483647;
			files = (
				48059A0C1A25E0D800A1367C /* Images.xcassets in Resources */,
				48059A0F1A25E0D800A1367C /* MainMenu.xib in Resources */,
				48059A281A25E73600A1367C /* MasterViewController.xib in Resources */,
				48059A331A26E1A700A1367C /* pack.sh in Resources */,
			);
			runOnlyForDeploymentPostprocessing = 0;
		};
		48059A121A25E0D800A1367C /* Resources */ = {
			isa = PBXResourcesBuildPhase;
			buildActionMask = 2147483647;
			files = (
			);
			runOnlyForDeploymentPostprocessing = 0;
		};
/* End PBXResourcesBuildPhase section */

/* Begin PBXSourcesBuildPhase section */
		480599FD1A25E0D700A1367C /* Sources */ = {
			isa = PBXSourcesBuildPhase;
			buildActionMask = 2147483647;
			files = (
				48059A0A1A25E0D800A1367C /* AppDelegate.m in Sources */,
				48059A311A26136A00A1367C /* ZCLChannelTableCellView.m in Sources */,
				48059A2E1A25F6D100A1367C /* ZCLChannelModel.m in Sources */,
				48059A271A25E73600A1367C /* MasterViewController.m in Sources */,
				48059A071A25E0D700A1367C /* main.m in Sources */,
				48059A2B1A25F67700A1367C /* ZCLChannelManager.m in Sources */,
			);
			runOnlyForDeploymentPostprocessing = 0;
		};
		48059A101A25E0D800A1367C /* Sources */ = {
			isa = PBXSourcesBuildPhase;
			buildActionMask = 2147483647;
			files = (
				48059A1B1A25E0D800A1367C /* SSPackUtilTests.m in Sources */,
			);
			runOnlyForDeploymentPostprocessing = 0;
		};
/* End PBXSourcesBuildPhase section */

/* Begin PBXTargetDependency section */
		48059A161A25E0D800A1367C /* PBXTargetDependency */ = {
			isa = PBXTargetDependency;
			target = 48059A001A25E0D700A1367C /* SSPackUtil */;
			targetProxy = 48059A151A25E0D800A1367C /* PBXContainerItemProxy */;
		};
/* End PBXTargetDependency section */

/* Begin PBXVariantGroup section */
		48059A0D1A25E0D800A1367C /* MainMenu.xib */ = {
			isa = PBXVariantGroup;
			children = (
				48059A0E1A25E0D800A1367C /* Base */,
			);
			name = MainMenu.xib;
			sourceTree = "<group>";
		};
/* End PBXVariantGroup section */

/* Begin XCBuildConfiguration section */
		48059A1C1A25E0D800A1367C /* Debug */ = {
			isa = XCBuildConfiguration;
			buildSettings = {
				ALWAYS_SEARCH_USER_PATHS = NO;
				CLANG_CXX_LANGUAGE_STANDARD = "gnu++0x";
				CLANG_CXX_LIBRARY = "libc++";
				CLANG_ENABLE_MODULES = YES;
				CLANG_ENABLE_OBJC_ARC = YES;
				CLANG_WARN_BOOL_CONVERSION = YES;
				CLANG_WARN_CONSTANT_CONVERSION = YES;
				CLANG_WARN_DIRECT_OBJC_ISA_USAGE = YES_ERROR;
				CLANG_WARN_EMPTY_BODY = YES;
				CLANG_WARN_ENUM_CONVERSION = YES;
				CLANG_WARN_INT_CONVERSION = YES;
				CLANG_WARN_OBJC_ROOT_CLASS = YES_ERROR;
				CLANG_WARN_UNREACHABLE_CODE = YES;
				CLANG_WARN__DUPLICATE_METHOD_MATCH = YES;
				CODE_SIGN_IDENTITY = "-";
				COPY_PHASE_STRIP = NO;
				ENABLE_STRICT_OBJC_MSGSEND = YES;
				GCC_C_LANGUAGE_STANDARD = gnu99;
				GCC_DYNAMIC_NO_PIC = NO;
				GCC_OPTIMIZATION_LEVEL = 0;
				GCC_PREPROCESSOR_DEFINITIONS = (
					"DEBUG=1",
					"$(inherited)",
				);
				GCC_SYMBOLS_PRIVATE_EXTERN = NO;
				GCC_WARN_64_TO_32_BIT_CONVERSION = YES;
				GCC_WARN_ABOUT_RETURN_TYPE = YES_ERROR;
				GCC_WARN_UNDECLARED_SELECTOR = YES;
				GCC_WARN_UNINITIALIZED_AUTOS = YES_AGGRESSIVE;
				GCC_WARN_UNUSED_FUNCTION = YES;
				GCC_WARN_UNUSED_VARIABLE = YES;
				MACOSX_DEPLOYMENT_TARGET = 10.9;
				MTL_ENABLE_DEBUG_INFO = YES;
				ONLY_ACTIVE_ARCH = YES;
				SDKROOT = macosx;
			};
			name = Debug;
		};
		48059A1D1A25E0D800A1367C /* Release */ = {
			isa = XCBuildConfiguration;
			buildSettings = {
				ALWAYS_SEARCH_USER_PATHS = NO;
				CLANG_CXX_LANGUAGE_STANDARD = "gnu++0x";
				CLANG_CXX_LIBRARY = "libc++";
				CLANG_ENABLE_MODULES = YES;
				CLANG_ENABLE_OBJC_ARC = YES;
				CLANG_WARN_BOOL_CONVERSION = YES;
				CLANG_WARN_CONSTANT_CONVERSION = YES;
				CLANG_WARN_DIRECT_OBJC_ISA_USAGE = YES_ERROR;
				CLANG_WARN_EMPTY_BODY = YES;
				CLANG_WARN_ENUM_CONVERSION = YES;
				CLANG_WARN_INT_CONVERSION = YES;
				CLANG_WARN_OBJC_ROOT_CLASS = YES_ERROR;
				CLANG_WARN_UNREACHABLE_CODE = YES;
				CLANG_WARN__DUPLICATE_METHOD_MATCH = YES;
				CODE_SIGN_IDENTITY = "-";
				COPY_PHASE_STRIP = YES;
				DEBUG_INFORMATION_FORMAT = "dwarf-with-dsym";
				ENABLE_NS_ASSERTIONS = NO;
				ENABLE_STRICT_OBJC_MSGSEND = YES;
				GCC_C_LANGUAGE_STANDARD = gnu99;
				GCC_WARN_64_TO_32_BIT_CONVERSION = YES;
				GCC_WARN_ABOUT_RETURN_TYPE = YES_ERROR;
				GCC_WARN_UNDECLARED_SELECTOR = YES;
				GCC_WARN_UNINITIALIZED_AUTOS = YES_AGGRESSIVE;
				GCC_WARN_UNUSED_FUNCTION = YES;
				GCC_WARN_UNUSED_VARIABLE = YES;
				MACOSX_DEPLOYMENT_TARGET = 10.9;
				MTL_ENABLE_DEBUG_INFO = NO;
				SDKROOT = macosx;
			};
			name = Release;
		};
		48059A1F1A25E0D800A1367C /* Debug */ = {
			isa = XCBuildConfiguration;
			buildSettings = {
				ASSETCATALOG_COMPILER_APPICON_NAME = AppIcon;
				COMBINE_HIDPI_IMAGES = YES;
				INFOPLIST_FILE = SSPackUtil/Info.plist;
				LD_RUNPATH_SEARCH_PATHS = "$(inherited) @executable_path/../Frameworks";
				PRODUCT_NAME = "$(TARGET_NAME)";
			};
			name = Debug;
		};
		48059A201A25E0D800A1367C /* Release */ = {
			isa = XCBuildConfiguration;
			buildSettings = {
				ASSETCATALOG_COMPILER_APPICON_NAME = AppIcon;
				COMBINE_HIDPI_IMAGES = YES;
				INFOPLIST_FILE = SSPackUtil/Info.plist;
				LD_RUNPATH_SEARCH_PATHS = "$(inherited) @executable_path/../Frameworks";
				PRODUCT_NAME = "$(TARGET_NAME)";
			};
			name = Release;
		};
		48059A221A25E0D800A1367C /* Debug */ = {
			isa = XCBuildConfiguration;
			buildSettings = {
				BUNDLE_LOADER = "$(TEST_HOST)";
				COMBINE_HIDPI_IMAGES = YES;
				FRAMEWORK_SEARCH_PATHS = (
					"$(DEVELOPER_FRAMEWORKS_DIR)",
					"$(inherited)",
				);
				GCC_PREPROCESSOR_DEFINITIONS = (
					"DEBUG=1",
					"$(inherited)",
				);
				INFOPLIST_FILE = SSPackUtilTests/Info.plist;
				LD_RUNPATH_SEARCH_PATHS = "$(inherited) @executable_path/../Frameworks @loader_path/../Frameworks";
				PRODUCT_NAME = "$(TARGET_NAME)";
				TEST_HOST = "$(BUILT_PRODUCTS_DIR)/SSPackUtil.app/Contents/MacOS/SSPackUtil";
			};
			name = Debug;
		};
		48059A231A25E0D800A1367C /* Release */ = {
			isa = XCBuildConfiguration;
			buildSettings = {
				BUNDLE_LOADER = "$(TEST_HOST)";
				COMBINE_HIDPI_IMAGES = YES;
				FRAMEWORK_SEARCH_PATHS = (
					"$(DEVELOPER_FRAMEWORKS_DIR)",
					"$(inherited)",
				);
				INFOPLIST_FILE = SSPackUtilTests/Info.plist;
				LD_RUNPATH_SEARCH_PATHS = "$(inherited) @executable_path/../Frameworks @loader_path/../Frameworks";
				PRODUCT_NAME = "$(TARGET_NAME)";
				TEST_HOST = "$(BUILT_PRODUCTS_DIR)/SSPackUtil.app/Contents/MacOS/SSPackUtil";
			};
			name = Release;
		};
/* End XCBuildConfiguration section */

/* Begin XCConfigurationList section */
		480599FC1A25E0D700A1367C /* Build configuration list for PBXProject "SSPackUtil" */ = {
			isa = XCConfigurationList;
			buildConfigurations = (
				48059A1C1A25E0D800A1367C /* Debug */,
				48059A1D1A25E0D800A1367C /* Release */,
			);
			defaultConfigurationIsVisible = 0;
			defaultConfigurationName = Release;
		};
		48059A1E1A25E0D800A1367C /* Build configuration list for PBXNativeTarget "SSPackUtil" */ = {
			isa = XCConfigurationList;
			buildConfigurations = (
				48059A1F1A25E0D800A1367C /* Debug */,
				48059A201A25E0D800A1367C /* Release */,
			);
			defaultConfigurationIsVisible = 0;
			defaultConfigurationName = Release;
		};
		48059A211A25E0D800A1367C /* Build configuration list for PBXNativeTarget "SSPackUtilTests" */ = {
			isa = XCConfigurationList;
			buildConfigurations = (
				48059A221A25E0D800A1367C /* Debug */,
				48059A231A25E0D800A1367C /* Release */,
			);
			defaultConfigurationIsVisible = 0;
			defaultConfigurationName = Release;
		};
/* End XCConfigurationList section */
	};
	rootObject = 480599F91A25E0D700A1367C /* Project object */;
}
