// !$*UTF8*$!
{
	archiveVersion = 1;
	classes = {
	};
	objectVersion = 46;
	objects = {

/* Begin PBXBuildFile section */
		461EFEBE26D3CF79001DA13C /* PBXProjParserKit.h in Headers */ = {isa = PBXBuildFile; fileRef = 461EFEBC26D3CF79001DA13C /* PBXProjParserKit.h */; settings = {ATTRIBUTES = (Public, ); }; };
		461EFEC226D3CF96001DA13C /* LexerError.swift in Sources */ = {isa = PBXBuildFile; fileRef = OBJ_10 /* LexerError.swift */; };
		461EFEC326D3CF96001DA13C /* SyntaxError.swift in Sources */ = {isa = PBXBuildFile; fileRef = OBJ_11 /* SyntaxError.swift */; };
		461EFEC426D3CF96001DA13C /* PBXLexer.swift in Sources */ = {isa = PBXBuildFile; fileRef = OBJ_13 /* PBXLexer.swift */; };
		461EFEC526D3CF96001DA13C /* PBXToken.swift in Sources */ = {isa = PBXBuildFile; fileRef = OBJ_15 /* PBXToken.swift */; };
		461EFEC626D3CF96001DA13C /* Node.swift in Sources */ = {isa = PBXBuildFile; fileRef = OBJ_18 /* Node.swift */; };
		461EFEC726D3CF96001DA13C /* PBXFileISAType.swift in Sources */ = {isa = PBXBuildFile; fileRef = OBJ_19 /* PBXFileISAType.swift */; };
		461EFEC826D3CF96001DA13C /* PBXProjNode.swift in Sources */ = {isa = PBXBuildFile; fileRef = OBJ_20 /* PBXProjNode.swift */; };
		461EFEC926D3CF96001DA13C /* PBXBuildFileSectionItem.swift in Sources */ = {isa = PBXBuildFile; fileRef = OBJ_23 /* PBXBuildFileSectionItem.swift */; };
		461EFECA26D3CF96001DA13C /* PBXFileReferenceSectionItem.swift in Sources */ = {isa = PBXBuildFile; fileRef = OBJ_25 /* PBXFileReferenceSectionItem.swift */; };
		461EFECB26D3CF96001DA13C /* PBXGroupSectionItem.swift in Sources */ = {isa = PBXBuildFile; fileRef = OBJ_27 /* PBXGroupSectionItem.swift */; };
		461EFECC26D3CF96001DA13C /* PBXProjectSectionItem.swift in Sources */ = {isa = PBXBuildFile; fileRef = OBJ_29 /* PBXProjectSectionItem.swift */; };
		461EFECD26D3CF96001DA13C /* Section.swift in Sources */ = {isa = PBXBuildFile; fileRef = OBJ_30 /* Section.swift */; };
		461EFECE26D3CF96001DA13C /* SectionItem.swift in Sources */ = {isa = PBXBuildFile; fileRef = OBJ_31 /* SectionItem.swift */; };
		461EFECF26D3CF96001DA13C /* PBXProjParser.swift in Sources */ = {isa = PBXBuildFile; fileRef = OBJ_32 /* PBXProjParser.swift */; };
		461EFED026D3CF96001DA13C /* PBXValue.swift in Sources */ = {isa = PBXBuildFile; fileRef = OBJ_34 /* PBXValue.swift */; };
		461EFED126D3CF96001DA13C /* StringExtension.swift in Sources */ = {isa = PBXBuildFile; fileRef = OBJ_35 /* StringExtension.swift */; };
		461EFED226D3CF96001DA13C /* Tool.swift in Sources */ = {isa = PBXBuildFile; fileRef = OBJ_36 /* Tool.swift */; };
		461EFED726D3D132001DA13C /* PBXProjParserKit.framework in Frameworks */ = {isa = PBXBuildFile; fileRef = 461EFEBA26D3CF79001DA13C /* PBXProjParserKit.framework */; };
		461EFED826D3D132001DA13C /* PBXProjParserKit.framework in Embed Frameworks */ = {isa = PBXBuildFile; fileRef = 461EFEBA26D3CF79001DA13C /* PBXProjParserKit.framework */; settings = {ATTRIBUTES = (CodeSignOnCopy, RemoveHeadersOnCopy, ); }; };
		461EFEDC26D3D1EF001DA13C /* CommandLineKit.framework in Frameworks */ = {isa = PBXBuildFile; fileRef = "CommandLineKit::CommandLineKit::Product" /* CommandLineKit.framework */; };
		461EFEDD26D3D1EF001DA13C /* CommandLineKit.framework in Embed Frameworks */ = {isa = PBXBuildFile; fileRef = "CommandLineKit::CommandLineKit::Product" /* CommandLineKit.framework */; settings = {ATTRIBUTES = (CodeSignOnCopy, RemoveHeadersOnCopy, ); }; };
		OBJ_58 /* CommandLine.swift in Sources */ = {isa = PBXBuildFile; fileRef = OBJ_44 /* CommandLine.swift */; };
		OBJ_59 /* Option.swift in Sources */ = {isa = PBXBuildFile; fileRef = OBJ_45 /* Option.swift */; };
		OBJ_60 /* StringExtensions.swift in Sources */ = {isa = PBXBuildFile; fileRef = OBJ_46 /* StringExtensions.swift */; };
		OBJ_67 /* Package.swift in Sources */ = {isa = PBXBuildFile; fileRef = OBJ_47 /* Package.swift */; };
		OBJ_90 /* main.swift in Sources */ = {isa = PBXBuildFile; fileRef = OBJ_37 /* main.swift */; };
		OBJ_99 /* Package.swift in Sources */ = {isa = PBXBuildFile; fileRef = OBJ_6 /* Package.swift */; };
/* End PBXBuildFile section */

/* Begin PBXContainerItemProxy section */
		461EFED426D3D07A001DA13C /* PBXContainerItemProxy */ = {
			isa = PBXContainerItemProxy;
			containerPortal = OBJ_1 /* Project object */;
			proxyType = 1;
			remoteGlobalIDString = 461EFEB926D3CF79001DA13C;
			remoteInfo = PBXProjParserKit;
		};
		468FE8F326D3AC82008FABF0 /* PBXContainerItemProxy */ = {
			isa = PBXContainerItemProxy;
			containerPortal = OBJ_1 /* Project object */;
			proxyType = 1;
			remoteGlobalIDString = "CommandLineKit::CommandLineKit";
			remoteInfo = CommandLineKit;
		};
/* End PBXContainerItemProxy section */

/* Begin PBXCopyFilesBuildPhase section */
		461EFEDB26D3D132001DA13C /* Embed Frameworks */ = {
			isa = PBXCopyFilesBuildPhase;
			buildActionMask = 2147483647;
			dstPath = "";
			dstSubfolderSpec = 10;
			files = (
				461EFED826D3D132001DA13C /* PBXProjParserKit.framework in Embed Frameworks */,
				461EFEDD26D3D1EF001DA13C /* CommandLineKit.framework in Embed Frameworks */,
			);
			name = "Embed Frameworks";
			runOnlyForDeploymentPostprocessing = 0;
		};
/* End PBXCopyFilesBuildPhase section */

/* Begin PBXFileReference section */
		461EFEBA26D3CF79001DA13C /* PBXProjParserKit.framework */ = {isa = PBXFileReference; explicitFileType = wrapper.framework; includeInIndex = 0; path = PBXProjParserKit.framework; sourceTree = BUILT_PRODUCTS_DIR; };
		461EFEBC26D3CF79001DA13C /* PBXProjParserKit.h */ = {isa = PBXFileReference; lastKnownFileType = sourcecode.c.h; path = PBXProjParserKit.h; sourceTree = "<group>"; };
		461EFEBD26D3CF79001DA13C /* Info.plist */ = {isa = PBXFileReference; lastKnownFileType = text.plist.xml; path = Info.plist; sourceTree = "<group>"; };
		"CommandLineKit::CommandLineKit::Product" /* CommandLineKit.framework */ = {isa = PBXFileReference; lastKnownFileType = wrapper.framework; path = CommandLineKit.framework; sourceTree = BUILT_PRODUCTS_DIR; };
		OBJ_10 /* LexerError.swift */ = {isa = PBXFileReference; lastKnownFileType = sourcecode.swift; path = LexerError.swift; sourceTree = "<group>"; };
		OBJ_11 /* SyntaxError.swift */ = {isa = PBXFileReference; lastKnownFileType = sourcecode.swift; path = SyntaxError.swift; sourceTree = "<group>"; };
		OBJ_13 /* PBXLexer.swift */ = {isa = PBXFileReference; lastKnownFileType = sourcecode.swift; path = PBXLexer.swift; sourceTree = "<group>"; };
		OBJ_15 /* PBXToken.swift */ = {isa = PBXFileReference; lastKnownFileType = sourcecode.swift; path = PBXToken.swift; sourceTree = "<group>"; };
		OBJ_18 /* Node.swift */ = {isa = PBXFileReference; lastKnownFileType = sourcecode.swift; path = Node.swift; sourceTree = "<group>"; };
		OBJ_19 /* PBXFileISAType.swift */ = {isa = PBXFileReference; lastKnownFileType = sourcecode.swift; path = PBXFileISAType.swift; sourceTree = "<group>"; };
		OBJ_20 /* PBXProjNode.swift */ = {isa = PBXFileReference; lastKnownFileType = sourcecode.swift; path = PBXProjNode.swift; sourceTree = "<group>"; };
		OBJ_23 /* PBXBuildFileSectionItem.swift */ = {isa = PBXFileReference; lastKnownFileType = sourcecode.swift; path = PBXBuildFileSectionItem.swift; sourceTree = "<group>"; };
		OBJ_25 /* PBXFileReferenceSectionItem.swift */ = {isa = PBXFileReference; lastKnownFileType = sourcecode.swift; path = PBXFileReferenceSectionItem.swift; sourceTree = "<group>"; };
		OBJ_27 /* PBXGroupSectionItem.swift */ = {isa = PBXFileReference; lastKnownFileType = sourcecode.swift; path = PBXGroupSectionItem.swift; sourceTree = "<group>"; };
		OBJ_29 /* PBXProjectSectionItem.swift */ = {isa = PBXFileReference; lastKnownFileType = sourcecode.swift; path = PBXProjectSectionItem.swift; sourceTree = "<group>"; };
		OBJ_30 /* Section.swift */ = {isa = PBXFileReference; lastKnownFileType = sourcecode.swift; path = Section.swift; sourceTree = "<group>"; };
		OBJ_31 /* SectionItem.swift */ = {isa = PBXFileReference; lastKnownFileType = sourcecode.swift; path = SectionItem.swift; sourceTree = "<group>"; };
		OBJ_32 /* PBXProjParser.swift */ = {isa = PBXFileReference; lastKnownFileType = sourcecode.swift; path = PBXProjParser.swift; sourceTree = "<group>"; };
		OBJ_34 /* PBXValue.swift */ = {isa = PBXFileReference; lastKnownFileType = sourcecode.swift; path = PBXValue.swift; sourceTree = "<group>"; };
		OBJ_35 /* StringExtension.swift */ = {isa = PBXFileReference; lastKnownFileType = sourcecode.swift; path = StringExtension.swift; sourceTree = "<group>"; };
		OBJ_36 /* Tool.swift */ = {isa = PBXFileReference; lastKnownFileType = sourcecode.swift; path = Tool.swift; sourceTree = "<group>"; };
		OBJ_37 /* main.swift */ = {isa = PBXFileReference; lastKnownFileType = sourcecode.swift; path = main.swift; sourceTree = "<group>"; };
		OBJ_40 /* PBXProjParserTests.swift */ = {isa = PBXFileReference; lastKnownFileType = sourcecode.swift; path = PBXProjParserTests.swift; sourceTree = "<group>"; };
		OBJ_44 /* CommandLine.swift */ = {isa = PBXFileReference; lastKnownFileType = sourcecode.swift; path = CommandLine.swift; sourceTree = "<group>"; };
		OBJ_45 /* Option.swift */ = {isa = PBXFileReference; lastKnownFileType = sourcecode.swift; path = Option.swift; sourceTree = "<group>"; };
		OBJ_46 /* StringExtensions.swift */ = {isa = PBXFileReference; lastKnownFileType = sourcecode.swift; path = StringExtensions.swift; sourceTree = "<group>"; };
		OBJ_47 /* Package.swift */ = {isa = PBXFileReference; explicitFileType = sourcecode.swift; name = Package.swift; path = /Users/larry/Documents/Practice/PBXProjParser/.build/checkouts/CommandLineKit/Package.swift; sourceTree = "<group>"; };
		OBJ_52 /* README.md */ = {isa = PBXFileReference; lastKnownFileType = net.daringfireball.markdown; path = README.md; sourceTree = "<group>"; };
		OBJ_6 /* Package.swift */ = {isa = PBXFileReference; explicitFileType = sourcecode.swift; path = Package.swift; sourceTree = "<group>"; };
		"PBXProjParser::PBXProjParser::Product" /* PBXProjParser */ = {isa = PBXFileReference; explicitFileType = "compiled.mach-o.executable"; path = PBXProjParser; sourceTree = BUILT_PRODUCTS_DIR; };
/* End PBXFileReference section */

/* Begin PBXFrameworksBuildPhase section */
		461EFEB726D3CF79001DA13C /* Frameworks */ = {
			isa = PBXFrameworksBuildPhase;
			buildActionMask = 2147483647;
			files = (
			);
			runOnlyForDeploymentPostprocessing = 0;
		};
		OBJ_61 /* Frameworks */ = {
			isa = PBXFrameworksBuildPhase;
			buildActionMask = 0;
			files = (
			);
			runOnlyForDeploymentPostprocessing = 0;
		};
		OBJ_91 /* Frameworks */ = {
			isa = PBXFrameworksBuildPhase;
			buildActionMask = 0;
			files = (
				461EFED726D3D132001DA13C /* PBXProjParserKit.framework in Frameworks */,
				461EFEDC26D3D1EF001DA13C /* CommandLineKit.framework in Frameworks */,
			);
			runOnlyForDeploymentPostprocessing = 0;
		};
/* End PBXFrameworksBuildPhase section */

/* Begin PBXGroup section */
		461EFEBB26D3CF79001DA13C /* PBXProjParserKit */ = {
			isa = PBXGroup;
			children = (
				461EFEBC26D3CF79001DA13C /* PBXProjParserKit.h */,
				461EFEBD26D3CF79001DA13C /* Info.plist */,
			);
			path = PBXProjParserKit;
			sourceTree = "<group>";
		};
		461EFED626D3D132001DA13C /* Frameworks */ = {
			isa = PBXGroup;
			children = (
			);
			name = Frameworks;
			sourceTree = "<group>";
		};
		OBJ_12 /* Lexer */ = {
			isa = PBXGroup;
			children = (
				OBJ_13 /* PBXLexer.swift */,
				OBJ_14 /* Token */,
			);
			path = Lexer;
			sourceTree = "<group>";
		};
		OBJ_14 /* Token */ = {
			isa = PBXGroup;
			children = (
				OBJ_15 /* PBXToken.swift */,
			);
			path = Token;
			sourceTree = "<group>";
		};
		OBJ_16 /* Model */ = {
			isa = PBXGroup;
			children = (
				OBJ_17 /* Base */,
				OBJ_21 /* Section */,
			);
			path = Model;
			sourceTree = "<group>";
		};
		OBJ_17 /* Base */ = {
			isa = PBXGroup;
			children = (
				OBJ_18 /* Node.swift */,
				OBJ_19 /* PBXFileISAType.swift */,
				OBJ_20 /* PBXProjNode.swift */,
			);
			path = Base;
			sourceTree = "<group>";
		};
		OBJ_21 /* Section */ = {
			isa = PBXGroup;
			children = (
				OBJ_22 /* PBXBuildFileSection */,
				OBJ_24 /* PBXFileReferenceSection */,
				OBJ_26 /* PBXGroupSection */,
				OBJ_28 /* PBXProjectSection */,
				OBJ_30 /* Section.swift */,
				OBJ_31 /* SectionItem.swift */,
			);
			path = Section;
			sourceTree = "<group>";
		};
		OBJ_22 /* PBXBuildFileSection */ = {
			isa = PBXGroup;
			children = (
				OBJ_23 /* PBXBuildFileSectionItem.swift */,
			);
			path = PBXBuildFileSection;
			sourceTree = "<group>";
		};
		OBJ_24 /* PBXFileReferenceSection */ = {
			isa = PBXGroup;
			children = (
				OBJ_25 /* PBXFileReferenceSectionItem.swift */,
			);
			path = PBXFileReferenceSection;
			sourceTree = "<group>";
		};
		OBJ_26 /* PBXGroupSection */ = {
			isa = PBXGroup;
			children = (
				OBJ_27 /* PBXGroupSectionItem.swift */,
			);
			path = PBXGroupSection;
			sourceTree = "<group>";
		};
		OBJ_28 /* PBXProjectSection */ = {
			isa = PBXGroup;
			children = (
				OBJ_29 /* PBXProjectSectionItem.swift */,
			);
			path = PBXProjectSection;
			sourceTree = "<group>";
		};
		OBJ_33 /* Utils */ = {
			isa = PBXGroup;
			children = (
				OBJ_34 /* PBXValue.swift */,
				OBJ_35 /* StringExtension.swift */,
				OBJ_36 /* Tool.swift */,
			);
			path = Utils;
			sourceTree = "<group>";
		};
		OBJ_38 /* Tests */ = {
			isa = PBXGroup;
			children = (
				OBJ_39 /* PBXProjParserTests */,
			);
			name = Tests;
			sourceTree = SOURCE_ROOT;
		};
		OBJ_39 /* PBXProjParserTests */ = {
			isa = PBXGroup;
			children = (
				OBJ_40 /* PBXProjParserTests.swift */,
			);
			name = PBXProjParserTests;
			path = Tests/PBXProjParserTests;
			sourceTree = SOURCE_ROOT;
		};
		OBJ_41 /* Dependencies */ = {
			isa = PBXGroup;
			children = (
				OBJ_42 /* CommandLineKit 2.3.0 */,
			);
			name = Dependencies;
			sourceTree = "<group>";
		};
		OBJ_42 /* CommandLineKit 2.3.0 */ = {
			isa = PBXGroup;
			children = (
				OBJ_43 /* CommandLineKit */,
				OBJ_47 /* Package.swift */,
			);
			name = "CommandLineKit 2.3.0";
			sourceTree = SOURCE_ROOT;
		};
		OBJ_43 /* CommandLineKit */ = {
			isa = PBXGroup;
			children = (
				OBJ_44 /* CommandLine.swift */,
				OBJ_45 /* Option.swift */,
				OBJ_46 /* StringExtensions.swift */,
			);
			name = CommandLineKit;
			path = .build/checkouts/CommandLineKit/Sources/CommandLineKit;
			sourceTree = SOURCE_ROOT;
		};
		OBJ_48 /* Products */ = {
			isa = PBXGroup;
			children = (
				"CommandLineKit::CommandLineKit::Product" /* CommandLineKit.framework */,
				"PBXProjParser::PBXProjParser::Product" /* PBXProjParser */,
				461EFEBA26D3CF79001DA13C /* PBXProjParserKit.framework */,
			);
			name = Products;
			sourceTree = BUILT_PRODUCTS_DIR;
		};
		OBJ_5 = {
			isa = PBXGroup;
			children = (
				OBJ_6 /* Package.swift */,
				OBJ_7 /* Sources */,
				OBJ_38 /* Tests */,
				OBJ_41 /* Dependencies */,
				461EFEBB26D3CF79001DA13C /* PBXProjParserKit */,
				OBJ_48 /* Products */,
				OBJ_52 /* README.md */,
				461EFED626D3D132001DA13C /* Frameworks */,
			);
			sourceTree = "<group>";
		};
		OBJ_7 /* Sources */ = {
			isa = PBXGroup;
			children = (
				OBJ_8 /* PBXProjParser */,
			);
			name = Sources;
			sourceTree = SOURCE_ROOT;
		};
		OBJ_8 /* PBXProjParser */ = {
			isa = PBXGroup;
			children = (
				OBJ_9 /* Error */,
				OBJ_12 /* Lexer */,
				OBJ_16 /* Model */,
				OBJ_32 /* PBXProjParser.swift */,
				OBJ_33 /* Utils */,
				OBJ_37 /* main.swift */,
			);
			name = PBXProjParser;
			path = Sources/PBXProjParser;
			sourceTree = SOURCE_ROOT;
		};
		OBJ_9 /* Error */ = {
			isa = PBXGroup;
			children = (
				OBJ_10 /* LexerError.swift */,
				OBJ_11 /* SyntaxError.swift */,
			);
			path = Error;
			sourceTree = "<group>";
		};
/* End PBXGroup section */

/* Begin PBXHeadersBuildPhase section */
		461EFEB526D3CF79001DA13C /* Headers */ = {
			isa = PBXHeadersBuildPhase;
			buildActionMask = 2147483647;
			files = (
				461EFEBE26D3CF79001DA13C /* PBXProjParserKit.h in Headers */,
			);
			runOnlyForDeploymentPostprocessing = 0;
		};
/* End PBXHeadersBuildPhase section */

/* Begin PBXNativeTarget section */
		461EFEB926D3CF79001DA13C /* PBXProjParserKit */ = {
			isa = PBXNativeTarget;
			buildConfigurationList = 461EFEBF26D3CF79001DA13C /* Build configuration list for PBXNativeTarget "PBXProjParserKit" */;
			buildPhases = (
				461EFEB526D3CF79001DA13C /* Headers */,
				461EFEB626D3CF79001DA13C /* Sources */,
				461EFEB726D3CF79001DA13C /* Frameworks */,
				461EFEB826D3CF79001DA13C /* Resources */,
			);
			buildRules = (
			);
			dependencies = (
			);
			name = PBXProjParserKit;
			productName = PBXProjParserKit;
			productReference = 461EFEBA26D3CF79001DA13C /* PBXProjParserKit.framework */;
			productType = "com.apple.product-type.framework";
		};
		"CommandLineKit::CommandLineKit" /* CommandLineKit */ = {
			isa = PBXNativeTarget;
			buildConfigurationList = OBJ_54 /* Build configuration list for PBXNativeTarget "CommandLineKit" */;
			buildPhases = (
				OBJ_57 /* Sources */,
				OBJ_61 /* Frameworks */,
			);
			buildRules = (
			);
			dependencies = (
			);
			name = CommandLineKit;
			productName = CommandLineKit;
			productReference = "CommandLineKit::CommandLineKit::Product" /* CommandLineKit.framework */;
			productType = "com.apple.product-type.framework";
		};
		"CommandLineKit::SwiftPMPackageDescription" /* CommandLineKitPackageDescription */ = {
			isa = PBXNativeTarget;
			buildConfigurationList = OBJ_63 /* Build configuration list for PBXNativeTarget "CommandLineKitPackageDescription" */;
			buildPhases = (
				OBJ_66 /* Sources */,
			);
			buildRules = (
			);
			dependencies = (
			);
			name = CommandLineKitPackageDescription;
			productName = CommandLineKitPackageDescription;
			productType = "com.apple.product-type.framework";
		};
		"PBXProjParser::PBXProjParser" /* PBXProjParser */ = {
			isa = PBXNativeTarget;
			buildConfigurationList = OBJ_69 /* Build configuration list for PBXNativeTarget "PBXProjParser" */;
			buildPhases = (
				OBJ_72 /* Sources */,
				OBJ_91 /* Frameworks */,
				461EFEDB26D3D132001DA13C /* Embed Frameworks */,
			);
			buildRules = (
			);
			dependencies = (
				461EFED526D3D07A001DA13C /* PBXTargetDependency */,
				OBJ_93 /* PBXTargetDependency */,
			);
			name = PBXProjParser;
			productName = PBXProjParser;
			productReference = "PBXProjParser::PBXProjParser::Product" /* PBXProjParser */;
			productType = "com.apple.product-type.tool";
		};
		"PBXProjParser::SwiftPMPackageDescription" /* PBXProjParserPackageDescription */ = {
			isa = PBXNativeTarget;
			buildConfigurationList = OBJ_95 /* Build configuration list for PBXNativeTarget "PBXProjParserPackageDescription" */;
			buildPhases = (
				OBJ_98 /* Sources */,
			);
			buildRules = (
			);
			dependencies = (
			);
			name = PBXProjParserPackageDescription;
			productName = PBXProjParserPackageDescription;
			productType = "com.apple.product-type.framework";
		};
/* End PBXNativeTarget section */

/* Begin PBXProject section */
		OBJ_1 /* Project object */ = {
			isa = PBXProject;
			attributes = {
				LastSwiftMigration = 9999;
				LastUpgradeCheck = 9999;
				ORGANIZATIONNAME = "柳钰柯";
				TargetAttributes = {
					461EFEB926D3CF79001DA13C = {
						CreatedOnToolsVersion = 12.5;
						DevelopmentTeam = 2TGP4UWJ45;
						ProvisioningStyle = Automatic;
					};
				};
			};
			buildConfigurationList = OBJ_2 /* Build configuration list for PBXProject "PBXProjParser" */;
			compatibilityVersion = "Xcode 3.2";
			developmentRegion = en;
			hasScannedForEncodings = 0;
			knownRegions = (
				en,
			);
			mainGroup = OBJ_5;
			productRefGroup = OBJ_48 /* Products */;
			projectDirPath = "";
			projectRoot = "";
			targets = (
				"CommandLineKit::CommandLineKit" /* CommandLineKit */,
				"CommandLineKit::SwiftPMPackageDescription" /* CommandLineKitPackageDescription */,
				"PBXProjParser::PBXProjParser" /* PBXProjParser */,
				"PBXProjParser::SwiftPMPackageDescription" /* PBXProjParserPackageDescription */,
				461EFEB926D3CF79001DA13C /* PBXProjParserKit */,
			);
		};
/* End PBXProject section */

/* Begin PBXResourcesBuildPhase section */
		461EFEB826D3CF79001DA13C /* Resources */ = {
			isa = PBXResourcesBuildPhase;
			buildActionMask = 2147483647;
			files = (
			);
			runOnlyForDeploymentPostprocessing = 0;
		};
/* End PBXResourcesBuildPhase section */

/* Begin PBXSourcesBuildPhase section */
		461EFEB626D3CF79001DA13C /* Sources */ = {
			isa = PBXSourcesBuildPhase;
			buildActionMask = 2147483647;
			files = (
				461EFEC226D3CF96001DA13C /* LexerError.swift in Sources */,
				461EFEC326D3CF96001DA13C /* SyntaxError.swift in Sources */,
				461EFEC426D3CF96001DA13C /* PBXLexer.swift in Sources */,
				461EFEC526D3CF96001DA13C /* PBXToken.swift in Sources */,
				461EFEC626D3CF96001DA13C /* Node.swift in Sources */,
				461EFEC726D3CF96001DA13C /* PBXFileISAType.swift in Sources */,
				461EFEC826D3CF96001DA13C /* PBXProjNode.swift in Sources */,
				461EFEC926D3CF96001DA13C /* PBXBuildFileSectionItem.swift in Sources */,
				461EFECA26D3CF96001DA13C /* PBXFileReferenceSectionItem.swift in Sources */,
				461EFECB26D3CF96001DA13C /* PBXGroupSectionItem.swift in Sources */,
				461EFECC26D3CF96001DA13C /* PBXProjectSectionItem.swift in Sources */,
				461EFECD26D3CF96001DA13C /* Section.swift in Sources */,
				461EFECE26D3CF96001DA13C /* SectionItem.swift in Sources */,
				461EFECF26D3CF96001DA13C /* PBXProjParser.swift in Sources */,
				461EFED026D3CF96001DA13C /* PBXValue.swift in Sources */,
				461EFED126D3CF96001DA13C /* StringExtension.swift in Sources */,
				461EFED226D3CF96001DA13C /* Tool.swift in Sources */,
			);
			runOnlyForDeploymentPostprocessing = 0;
		};
		OBJ_57 /* Sources */ = {
			isa = PBXSourcesBuildPhase;
			buildActionMask = 0;
			files = (
				OBJ_58 /* CommandLine.swift in Sources */,
				OBJ_59 /* Option.swift in Sources */,
				OBJ_60 /* StringExtensions.swift in Sources */,
			);
			runOnlyForDeploymentPostprocessing = 0;
		};
		OBJ_66 /* Sources */ = {
			isa = PBXSourcesBuildPhase;
			buildActionMask = 0;
			files = (
				OBJ_67 /* Package.swift in Sources */,
			);
			runOnlyForDeploymentPostprocessing = 0;
		};
		OBJ_72 /* Sources */ = {
			isa = PBXSourcesBuildPhase;
			buildActionMask = 0;
			files = (
				OBJ_90 /* main.swift in Sources */,
			);
			runOnlyForDeploymentPostprocessing = 0;
		};
		OBJ_98 /* Sources */ = {
			isa = PBXSourcesBuildPhase;
			buildActionMask = 0;
			files = (
				OBJ_99 /* Package.swift in Sources */,
			);
			runOnlyForDeploymentPostprocessing = 0;
		};
/* End PBXSourcesBuildPhase section */

/* Begin PBXTargetDependency section */
		461EFED526D3D07A001DA13C /* PBXTargetDependency */ = {
			isa = PBXTargetDependency;
			target = 461EFEB926D3CF79001DA13C /* PBXProjParserKit */;
			targetProxy = 461EFED426D3D07A001DA13C /* PBXContainerItemProxy */;
		};
		OBJ_93 /* PBXTargetDependency */ = {
			isa = PBXTargetDependency;
			target = "CommandLineKit::CommandLineKit" /* CommandLineKit */;
			targetProxy = 468FE8F326D3AC82008FABF0 /* PBXContainerItemProxy */;
		};
/* End PBXTargetDependency section */

/* Begin XCBuildConfiguration section */
		461EFEC026D3CF79001DA13C /* Debug */ = {
			isa = XCBuildConfiguration;
			buildSettings = {
				ALWAYS_SEARCH_USER_PATHS = NO;
				CLANG_ALLOW_NON_MODULAR_INCLUDES_IN_FRAMEWORK_MODULES = YES;
				CLANG_ANALYZER_NONNULL = YES;
				CLANG_ANALYZER_NUMBER_OBJECT_CONVERSION = YES_AGGRESSIVE;
				CLANG_CXX_LANGUAGE_STANDARD = "gnu++14";
				CLANG_CXX_LIBRARY = "libc++";
				CLANG_ENABLE_MODULES = YES;
				CLANG_ENABLE_OBJC_WEAK = YES;
				CLANG_WARN_BLOCK_CAPTURE_AUTORELEASING = YES;
				CLANG_WARN_BOOL_CONVERSION = YES;
				CLANG_WARN_COMMA = YES;
				CLANG_WARN_CONSTANT_CONVERSION = YES;
				CLANG_WARN_DEPRECATED_OBJC_IMPLEMENTATIONS = YES;
				CLANG_WARN_DIRECT_OBJC_ISA_USAGE = YES_ERROR;
				CLANG_WARN_DOCUMENTATION_COMMENTS = YES;
				CLANG_WARN_EMPTY_BODY = YES;
				CLANG_WARN_ENUM_CONVERSION = YES;
				CLANG_WARN_INFINITE_RECURSION = YES;
				CLANG_WARN_INT_CONVERSION = YES;
				CLANG_WARN_NON_LITERAL_NULL_CONVERSION = YES;
				CLANG_WARN_OBJC_IMPLICIT_RETAIN_SELF = YES;
				CLANG_WARN_OBJC_LITERAL_CONVERSION = YES;
				CLANG_WARN_OBJC_ROOT_CLASS = YES_ERROR;
				CLANG_WARN_QUOTED_INCLUDE_IN_FRAMEWORK_HEADER = YES;
				CLANG_WARN_RANGE_LOOP_ANALYSIS = YES;
				CLANG_WARN_STRICT_PROTOTYPES = YES;
				CLANG_WARN_SUSPICIOUS_MOVE = YES;
				CLANG_WARN_UNGUARDED_AVAILABILITY = YES_AGGRESSIVE;
				CLANG_WARN_UNREACHABLE_CODE = YES;
				CLANG_WARN__DUPLICATE_METHOD_MATCH = YES;
				CODE_SIGN_STYLE = Automatic;
				COMBINE_HIDPI_IMAGES = YES;
				CURRENT_PROJECT_VERSION = 1;
				DEFINES_MODULE = YES;
				DEVELOPMENT_TEAM = 2TGP4UWJ45;
				DYLIB_COMPATIBILITY_VERSION = 1;
				DYLIB_CURRENT_VERSION = 1;
				DYLIB_INSTALL_NAME_BASE = "@rpath";
				ENABLE_STRICT_OBJC_MSGSEND = YES;
				ENABLE_TESTABILITY = YES;
				GCC_C_LANGUAGE_STANDARD = gnu11;
				GCC_DYNAMIC_NO_PIC = NO;
				GCC_NO_COMMON_BLOCKS = YES;
				GCC_PREPROCESSOR_DEFINITIONS = (
					"DEBUG=1",
					"$(inherited)",
				);
				GCC_WARN_64_TO_32_BIT_CONVERSION = YES;
				GCC_WARN_ABOUT_RETURN_TYPE = YES_ERROR;
				GCC_WARN_UNDECLARED_SELECTOR = YES;
				GCC_WARN_UNINITIALIZED_AUTOS = YES_AGGRESSIVE;
				GCC_WARN_UNUSED_FUNCTION = YES;
				GCC_WARN_UNUSED_VARIABLE = YES;
				INFOPLIST_FILE = PBXProjParserKit/Info.plist;
				INSTALL_PATH = "$(LOCAL_LIBRARY_DIR)/Frameworks";
				LD_RUNPATH_SEARCH_PATHS = "$(inherited) @executable_path/../Frameworks @loader_path/Frameworks";
				MACOSX_DEPLOYMENT_TARGET = 10.10;
				MTL_ENABLE_DEBUG_INFO = INCLUDE_SOURCE;
				MTL_FAST_MATH = YES;
				PRODUCT_BUNDLE_IDENTIFIER = com.larry.PBXProjParserKit;
				PRODUCT_NAME = "$(TARGET_NAME:c99extidentifier)";
				SKIP_INSTALL = YES;
				SWIFT_ACTIVE_COMPILATION_CONDITIONS = DEBUG;
				SWIFT_VERSION = 5.0;
				VERSIONING_SYSTEM = "apple-generic";
				VERSION_INFO_PREFIX = "";
			};
			name = Debug;
		};
		461EFEC126D3CF79001DA13C /* Release */ = {
			isa = XCBuildConfiguration;
			buildSettings = {
				ALWAYS_SEARCH_USER_PATHS = NO;
				CLANG_ALLOW_NON_MODULAR_INCLUDES_IN_FRAMEWORK_MODULES = YES;
				CLANG_ANALYZER_NONNULL = YES;
				CLANG_ANALYZER_NUMBER_OBJECT_CONVERSION = YES_AGGRESSIVE;
				CLANG_CXX_LANGUAGE_STANDARD = "gnu++14";
				CLANG_CXX_LIBRARY = "libc++";
				CLANG_ENABLE_MODULES = YES;
				CLANG_ENABLE_OBJC_WEAK = YES;
				CLANG_WARN_BLOCK_CAPTURE_AUTORELEASING = YES;
				CLANG_WARN_BOOL_CONVERSION = YES;
				CLANG_WARN_COMMA = YES;
				CLANG_WARN_CONSTANT_CONVERSION = YES;
				CLANG_WARN_DEPRECATED_OBJC_IMPLEMENTATIONS = YES;
				CLANG_WARN_DIRECT_OBJC_ISA_USAGE = YES_ERROR;
				CLANG_WARN_DOCUMENTATION_COMMENTS = YES;
				CLANG_WARN_EMPTY_BODY = YES;
				CLANG_WARN_ENUM_CONVERSION = YES;
				CLANG_WARN_INFINITE_RECURSION = YES;
				CLANG_WARN_INT_CONVERSION = YES;
				CLANG_WARN_NON_LITERAL_NULL_CONVERSION = YES;
				CLANG_WARN_OBJC_IMPLICIT_RETAIN_SELF = YES;
				CLANG_WARN_OBJC_LITERAL_CONVERSION = YES;
				CLANG_WARN_OBJC_ROOT_CLASS = YES_ERROR;
				CLANG_WARN_QUOTED_INCLUDE_IN_FRAMEWORK_HEADER = YES;
				CLANG_WARN_RANGE_LOOP_ANALYSIS = YES;
				CLANG_WARN_STRICT_PROTOTYPES = YES;
				CLANG_WARN_SUSPICIOUS_MOVE = YES;
				CLANG_WARN_UNGUARDED_AVAILABILITY = YES_AGGRESSIVE;
				CLANG_WARN_UNREACHABLE_CODE = YES;
				CLANG_WARN__DUPLICATE_METHOD_MATCH = YES;
				CODE_SIGN_STYLE = Automatic;
				COMBINE_HIDPI_IMAGES = YES;
				COPY_PHASE_STRIP = NO;
				CURRENT_PROJECT_VERSION = 1;
				DEFINES_MODULE = YES;
				DEVELOPMENT_TEAM = 2TGP4UWJ45;
				DYLIB_COMPATIBILITY_VERSION = 1;
				DYLIB_CURRENT_VERSION = 1;
				DYLIB_INSTALL_NAME_BASE = "@rpath";
				ENABLE_NS_ASSERTIONS = NO;
				ENABLE_STRICT_OBJC_MSGSEND = YES;
				GCC_C_LANGUAGE_STANDARD = gnu11;
				GCC_NO_COMMON_BLOCKS = YES;
				GCC_WARN_64_TO_32_BIT_CONVERSION = YES;
				GCC_WARN_ABOUT_RETURN_TYPE = YES_ERROR;
				GCC_WARN_UNDECLARED_SELECTOR = YES;
				GCC_WARN_UNINITIALIZED_AUTOS = YES_AGGRESSIVE;
				GCC_WARN_UNUSED_FUNCTION = YES;
				GCC_WARN_UNUSED_VARIABLE = YES;
				INFOPLIST_FILE = PBXProjParserKit/Info.plist;
				INSTALL_PATH = "$(LOCAL_LIBRARY_DIR)/Frameworks";
				LD_RUNPATH_SEARCH_PATHS = "$(inherited) @executable_path/../Frameworks @loader_path/Frameworks";
				MACOSX_DEPLOYMENT_TARGET = 10.10;
				MTL_ENABLE_DEBUG_INFO = NO;
				MTL_FAST_MATH = YES;
				PRODUCT_BUNDLE_IDENTIFIER = com.larry.PBXProjParserKit;
				PRODUCT_NAME = "$(TARGET_NAME:c99extidentifier)";
				SKIP_INSTALL = YES;
				SWIFT_VERSION = 5.0;
				VERSIONING_SYSTEM = "apple-generic";
				VERSION_INFO_PREFIX = "";
			};
			name = Release;
		};
		OBJ_3 /* Debug */ = {
			isa = XCBuildConfiguration;
			buildSettings = {
				CLANG_ENABLE_OBJC_ARC = YES;
				COMBINE_HIDPI_IMAGES = YES;
				COPY_PHASE_STRIP = NO;
				DEBUG_INFORMATION_FORMAT = dwarf;
				DYLIB_INSTALL_NAME_BASE = "@rpath";
				ENABLE_NS_ASSERTIONS = YES;
				GCC_OPTIMIZATION_LEVEL = 0;
				GCC_PREPROCESSOR_DEFINITIONS = (
					"$(inherited)",
					"SWIFT_PACKAGE=1",
					"DEBUG=1",
				);
				MACOSX_DEPLOYMENT_TARGET = 10.10;
				ONLY_ACTIVE_ARCH = YES;
				OTHER_SWIFT_FLAGS = "$(inherited) -DXcode";
				PRODUCT_NAME = "$(TARGET_NAME)";
				SDKROOT = macosx;
				SUPPORTED_PLATFORMS = "$(AVAILABLE_PLATFORMS)";
				SUPPORTS_MACCATALYST = YES;
				SWIFT_ACTIVE_COMPILATION_CONDITIONS = "$(inherited) SWIFT_PACKAGE DEBUG";
				SWIFT_OPTIMIZATION_LEVEL = "-Onone";
				USE_HEADERMAP = NO;
			};
			name = Debug;
		};
		OBJ_4 /* Release */ = {
			isa = XCBuildConfiguration;
			buildSettings = {
				CLANG_ENABLE_OBJC_ARC = YES;
				COMBINE_HIDPI_IMAGES = YES;
				COPY_PHASE_STRIP = YES;
				DEBUG_INFORMATION_FORMAT = "dwarf-with-dsym";
				DYLIB_INSTALL_NAME_BASE = "@rpath";
				GCC_OPTIMIZATION_LEVEL = s;
				GCC_PREPROCESSOR_DEFINITIONS = (
					"$(inherited)",
					"SWIFT_PACKAGE=1",
				);
				MACOSX_DEPLOYMENT_TARGET = 10.10;
				OTHER_SWIFT_FLAGS = "$(inherited) -DXcode";
				PRODUCT_NAME = "$(TARGET_NAME)";
				SDKROOT = macosx;
				SUPPORTED_PLATFORMS = "$(AVAILABLE_PLATFORMS)";
				SUPPORTS_MACCATALYST = YES;
				SWIFT_ACTIVE_COMPILATION_CONDITIONS = "$(inherited) SWIFT_PACKAGE";
				SWIFT_OPTIMIZATION_LEVEL = "-Owholemodule";
				USE_HEADERMAP = NO;
			};
			name = Release;
		};
		OBJ_55 /* Debug */ = {
			isa = XCBuildConfiguration;
			buildSettings = {
				CURRENT_PROJECT_VERSION = 1;
				ENABLE_TESTABILITY = YES;
				FRAMEWORK_SEARCH_PATHS = (
					"$(inherited)",
					"$(PLATFORM_DIR)/Developer/Library/Frameworks",
				);
				HEADER_SEARCH_PATHS = "$(inherited)";
				INFOPLIST_FILE = PBXProjParser.xcodeproj/CommandLineKit_Info.plist;
				LD_RUNPATH_SEARCH_PATHS = "$(inherited) $(TOOLCHAIN_DIR)/usr/lib/swift/macosx";
				OTHER_CFLAGS = "$(inherited)";
				OTHER_LDFLAGS = "$(inherited)";
				OTHER_SWIFT_FLAGS = "$(inherited)";
				PRODUCT_BUNDLE_IDENTIFIER = CommandLineKit;
				PRODUCT_MODULE_NAME = "$(TARGET_NAME:c99extidentifier)";
				PRODUCT_NAME = "$(TARGET_NAME:c99extidentifier)";
				SKIP_INSTALL = YES;
				SWIFT_ACTIVE_COMPILATION_CONDITIONS = "$(inherited)";
				SWIFT_VERSION = 5.0;
				TARGET_NAME = CommandLineKit;
			};
			name = Debug;
		};
		OBJ_56 /* Release */ = {
			isa = XCBuildConfiguration;
			buildSettings = {
				CURRENT_PROJECT_VERSION = 1;
				ENABLE_TESTABILITY = YES;
				FRAMEWORK_SEARCH_PATHS = (
					"$(inherited)",
					"$(PLATFORM_DIR)/Developer/Library/Frameworks",
				);
				HEADER_SEARCH_PATHS = "$(inherited)";
				INFOPLIST_FILE = PBXProjParser.xcodeproj/CommandLineKit_Info.plist;
				LD_RUNPATH_SEARCH_PATHS = "$(inherited) $(TOOLCHAIN_DIR)/usr/lib/swift/macosx";
				OTHER_CFLAGS = "$(inherited)";
				OTHER_LDFLAGS = "$(inherited)";
				OTHER_SWIFT_FLAGS = "$(inherited)";
				PRODUCT_BUNDLE_IDENTIFIER = CommandLineKit;
				PRODUCT_MODULE_NAME = "$(TARGET_NAME:c99extidentifier)";
				PRODUCT_NAME = "$(TARGET_NAME:c99extidentifier)";
				SKIP_INSTALL = YES;
				SWIFT_ACTIVE_COMPILATION_CONDITIONS = "$(inherited)";
				SWIFT_VERSION = 5.0;
				TARGET_NAME = CommandLineKit;
			};
			name = Release;
		};
		OBJ_64 /* Debug */ = {
			isa = XCBuildConfiguration;
			buildSettings = {
				LD = /usr/bin/true;
				OTHER_SWIFT_FLAGS = "-swift-version 4.2 -I $(TOOLCHAIN_DIR)/usr/lib/swift/pm/4_2 -sdk /Applications/Xcode12.5.app/Contents/Developer/Platforms/MacOSX.platform/Developer/SDKs/MacOSX11.3.sdk -package-description-version 4.2.0";
				SWIFT_VERSION = 4.2;
			};
			name = Debug;
		};
		OBJ_65 /* Release */ = {
			isa = XCBuildConfiguration;
			buildSettings = {
				LD = /usr/bin/true;
				OTHER_SWIFT_FLAGS = "-swift-version 4.2 -I $(TOOLCHAIN_DIR)/usr/lib/swift/pm/4_2 -sdk /Applications/Xcode12.5.app/Contents/Developer/Platforms/MacOSX.platform/Developer/SDKs/MacOSX11.3.sdk -package-description-version 4.2.0";
				SWIFT_VERSION = 4.2;
			};
			name = Release;
		};
		OBJ_70 /* Debug */ = {
			isa = XCBuildConfiguration;
			buildSettings = {
				CURRENT_PROJECT_VERSION = 1;
				FRAMEWORK_SEARCH_PATHS = (
					"$(inherited)",
					"$(PLATFORM_DIR)/Developer/Library/Frameworks",
				);
				HEADER_SEARCH_PATHS = "$(inherited)";
				INFOPLIST_FILE = PBXProjParser.xcodeproj/PBXProjParser_Info.plist;
				IPHONEOS_DEPLOYMENT_TARGET = 9.0;
				LD_RUNPATH_SEARCH_PATHS = "$(inherited) $(TOOLCHAIN_DIR)/usr/lib/swift/macosx @executable_path";
				MACOSX_DEPLOYMENT_TARGET = 10.10;
				OTHER_CFLAGS = "$(inherited)";
				OTHER_LDFLAGS = "$(inherited)";
				OTHER_SWIFT_FLAGS = "$(inherited)";
				SWIFT_ACTIVE_COMPILATION_CONDITIONS = "$(inherited)";
				SWIFT_FORCE_DYNAMIC_LINK_STDLIB = YES;
				SWIFT_FORCE_STATIC_LINK_STDLIB = NO;
				SWIFT_VERSION = 5.0;
				TARGET_NAME = PBXProjParser;
				TVOS_DEPLOYMENT_TARGET = 9.0;
				WATCHOS_DEPLOYMENT_TARGET = 2.0;
			};
			name = Debug;
		};
		OBJ_71 /* Release */ = {
			isa = XCBuildConfiguration;
			buildSettings = {
				CURRENT_PROJECT_VERSION = 1;
				FRAMEWORK_SEARCH_PATHS = (
					"$(inherited)",
					"$(PLATFORM_DIR)/Developer/Library/Frameworks",
				);
				HEADER_SEARCH_PATHS = "$(inherited)";
				INFOPLIST_FILE = PBXProjParser.xcodeproj/PBXProjParser_Info.plist;
				IPHONEOS_DEPLOYMENT_TARGET = 9.0;
				LD_RUNPATH_SEARCH_PATHS = "$(inherited) $(TOOLCHAIN_DIR)/usr/lib/swift/macosx @executable_path";
				MACOSX_DEPLOYMENT_TARGET = 10.10;
				OTHER_CFLAGS = "$(inherited)";
				OTHER_LDFLAGS = "$(inherited)";
				OTHER_SWIFT_FLAGS = "$(inherited)";
				SWIFT_ACTIVE_COMPILATION_CONDITIONS = "$(inherited)";
				SWIFT_FORCE_DYNAMIC_LINK_STDLIB = YES;
				SWIFT_FORCE_STATIC_LINK_STDLIB = NO;
				SWIFT_VERSION = 5.0;
				TARGET_NAME = PBXProjParser;
				TVOS_DEPLOYMENT_TARGET = 9.0;
				WATCHOS_DEPLOYMENT_TARGET = 2.0;
			};
			name = Release;
		};
		OBJ_96 /* Debug */ = {
			isa = XCBuildConfiguration;
			buildSettings = {
				LD = /usr/bin/true;
				OTHER_SWIFT_FLAGS = "-swift-version 5 -I $(TOOLCHAIN_DIR)/usr/lib/swift/pm/4_2 -sdk /Applications/Xcode12.5.app/Contents/Developer/Platforms/MacOSX.platform/Developer/SDKs/MacOSX11.3.sdk -package-description-version 5.3.0";
				SWIFT_VERSION = 5.0;
			};
			name = Debug;
		};
		OBJ_97 /* Release */ = {
			isa = XCBuildConfiguration;
			buildSettings = {
				LD = /usr/bin/true;
				OTHER_SWIFT_FLAGS = "-swift-version 5 -I $(TOOLCHAIN_DIR)/usr/lib/swift/pm/4_2 -sdk /Applications/Xcode12.5.app/Contents/Developer/Platforms/MacOSX.platform/Developer/SDKs/MacOSX11.3.sdk -package-description-version 5.3.0";
				SWIFT_VERSION = 5.0;
			};
			name = Release;
		};
/* End XCBuildConfiguration section */

/* Begin XCConfigurationList section */
		461EFEBF26D3CF79001DA13C /* Build configuration list for PBXNativeTarget "PBXProjParserKit" */ = {
			isa = XCConfigurationList;
			buildConfigurations = (
				461EFEC026D3CF79001DA13C /* Debug */,
				461EFEC126D3CF79001DA13C /* Release */,
			);
			defaultConfigurationIsVisible = 0;
			defaultConfigurationName = Release;
		};
		OBJ_2 /* Build configuration list for PBXProject "PBXProjParser" */ = {
			isa = XCConfigurationList;
			buildConfigurations = (
				OBJ_3 /* Debug */,
				OBJ_4 /* Release */,
			);
			defaultConfigurationIsVisible = 0;
			defaultConfigurationName = Release;
		};
		OBJ_54 /* Build configuration list for PBXNativeTarget "CommandLineKit" */ = {
			isa = XCConfigurationList;
			buildConfigurations = (
				OBJ_55 /* Debug */,
				OBJ_56 /* Release */,
			);
			defaultConfigurationIsVisible = 0;
			defaultConfigurationName = Release;
		};
		OBJ_63 /* Build configuration list for PBXNativeTarget "CommandLineKitPackageDescription" */ = {
			isa = XCConfigurationList;
			buildConfigurations = (
				OBJ_64 /* Debug */,
				OBJ_65 /* Release */,
			);
			defaultConfigurationIsVisible = 0;
			defaultConfigurationName = Release;
		};
		OBJ_69 /* Build configuration list for PBXNativeTarget "PBXProjParser" */ = {
			isa = XCConfigurationList;
			buildConfigurations = (
				OBJ_70 /* Debug */,
				OBJ_71 /* Release */,
			);
			defaultConfigurationIsVisible = 0;
			defaultConfigurationName = Release;
		};
		OBJ_95 /* Build configuration list for PBXNativeTarget "PBXProjParserPackageDescription" */ = {
			isa = XCConfigurationList;
			buildConfigurations = (
				OBJ_96 /* Debug */,
				OBJ_97 /* Release */,
			);
			defaultConfigurationIsVisible = 0;
			defaultConfigurationName = Release;
		};
/* End XCConfigurationList section */
	};
	rootObject = OBJ_1 /* Project object */;
}
