// !$*UTF8*$!
{
	archiveVersion = 1;
	classes = {
	};
	objectVersion = 46;
	objects = {

/* Begin PBXAggregateTarget section */
		"PBXProjParser::PBXProjParserPackageTests::ProductTarget" /* PBXProjParserPackageTests */ = {
			isa = PBXAggregateTarget;
			buildConfigurationList = OBJ_101 /* Build configuration list for PBXAggregateTarget "PBXProjParserPackageTests" */;
			buildPhases = (
			);
			dependencies = (
				OBJ_104 /* PBXTargetDependency */,
			);
			name = PBXProjParserPackageTests;
			productName = PBXProjParserPackageTests;
		};
/* End PBXAggregateTarget section */

/* Begin PBXBuildFile section */
		OBJ_110 /* PBXProjParserTests.swift in Sources */ = {isa = PBXBuildFile; fileRef = OBJ_40 /* PBXProjParserTests.swift */; };
		OBJ_112 /* CommandLineKit.framework in Frameworks */ = {isa = PBXBuildFile; fileRef = "CommandLineKit::CommandLineKit::Product" /* CommandLineKit.framework */; };
		OBJ_58 /* CommandLine.swift in Sources */ = {isa = PBXBuildFile; fileRef = OBJ_44 /* CommandLine.swift */; };
		OBJ_59 /* Option.swift in Sources */ = {isa = PBXBuildFile; fileRef = OBJ_45 /* Option.swift */; };
		OBJ_60 /* StringExtensions.swift in Sources */ = {isa = PBXBuildFile; fileRef = OBJ_46 /* StringExtensions.swift */; };
		OBJ_67 /* Package.swift in Sources */ = {isa = PBXBuildFile; fileRef = OBJ_47 /* Package.swift */; };
		OBJ_73 /* LexerError.swift in Sources */ = {isa = PBXBuildFile; fileRef = OBJ_10 /* LexerError.swift */; };
		OBJ_74 /* SyntaxError.swift in Sources */ = {isa = PBXBuildFile; fileRef = OBJ_11 /* SyntaxError.swift */; };
		OBJ_75 /* PBXLexer.swift in Sources */ = {isa = PBXBuildFile; fileRef = OBJ_13 /* PBXLexer.swift */; };
		OBJ_76 /* PBXToken.swift in Sources */ = {isa = PBXBuildFile; fileRef = OBJ_15 /* PBXToken.swift */; };
		OBJ_77 /* Node.swift in Sources */ = {isa = PBXBuildFile; fileRef = OBJ_18 /* Node.swift */; };
		OBJ_78 /* PBXFileISAType.swift in Sources */ = {isa = PBXBuildFile; fileRef = OBJ_19 /* PBXFileISAType.swift */; };
		OBJ_79 /* PBXProjNode.swift in Sources */ = {isa = PBXBuildFile; fileRef = OBJ_20 /* PBXProjNode.swift */; };
		OBJ_80 /* PBXBuildFileSectionItem.swift in Sources */ = {isa = PBXBuildFile; fileRef = OBJ_23 /* PBXBuildFileSectionItem.swift */; };
		OBJ_81 /* PBXFileReferenceSectionItem.swift in Sources */ = {isa = PBXBuildFile; fileRef = OBJ_25 /* PBXFileReferenceSectionItem.swift */; };
		OBJ_82 /* PBXGroupSectionItem.swift in Sources */ = {isa = PBXBuildFile; fileRef = OBJ_27 /* PBXGroupSectionItem.swift */; };
		OBJ_83 /* PBXProjectSectionItem.swift in Sources */ = {isa = PBXBuildFile; fileRef = OBJ_29 /* PBXProjectSectionItem.swift */; };
		OBJ_84 /* Section.swift in Sources */ = {isa = PBXBuildFile; fileRef = OBJ_30 /* Section.swift */; };
		OBJ_85 /* SectionItem.swift in Sources */ = {isa = PBXBuildFile; fileRef = OBJ_31 /* SectionItem.swift */; };
		OBJ_86 /* PBXProjParser.swift in Sources */ = {isa = PBXBuildFile; fileRef = OBJ_32 /* PBXProjParser.swift */; };
		OBJ_87 /* PBXValue.swift in Sources */ = {isa = PBXBuildFile; fileRef = OBJ_34 /* PBXValue.swift */; };
		OBJ_88 /* StringExtension.swift in Sources */ = {isa = PBXBuildFile; fileRef = OBJ_35 /* StringExtension.swift */; };
		OBJ_89 /* Tool.swift in Sources */ = {isa = PBXBuildFile; fileRef = OBJ_36 /* Tool.swift */; };
		OBJ_90 /* main.swift in Sources */ = {isa = PBXBuildFile; fileRef = OBJ_37 /* main.swift */; };
		OBJ_92 /* CommandLineKit.framework in Frameworks */ = {isa = PBXBuildFile; fileRef = "CommandLineKit::CommandLineKit::Product" /* CommandLineKit.framework */; };
		OBJ_99 /* Package.swift in Sources */ = {isa = PBXBuildFile; fileRef = OBJ_6 /* Package.swift */; };
/* End PBXBuildFile section */

/* Begin PBXContainerItemProxy section */
		468FE8F326D3AC82008FABF0 /* PBXContainerItemProxy */ = {
			isa = PBXContainerItemProxy;
			containerPortal = OBJ_1 /* Project object */;
			proxyType = 1;
			remoteGlobalIDString = "CommandLineKit::CommandLineKit";
			remoteInfo = CommandLineKit;
		};
		468FE8F426D3AC82008FABF0 /* PBXContainerItemProxy */ = {
			isa = PBXContainerItemProxy;
			containerPortal = OBJ_1 /* Project object */;
			proxyType = 1;
			remoteGlobalIDString = "PBXProjParser::PBXProjParser";
			remoteInfo = PBXProjParser;
		};
		468FE8F526D3AC82008FABF0 /* PBXContainerItemProxy */ = {
			isa = PBXContainerItemProxy;
			containerPortal = OBJ_1 /* Project object */;
			proxyType = 1;
			remoteGlobalIDString = "CommandLineKit::CommandLineKit";
			remoteInfo = CommandLineKit;
		};
		468FE8F626D3AC83008FABF0 /* PBXContainerItemProxy */ = {
			isa = PBXContainerItemProxy;
			containerPortal = OBJ_1 /* Project object */;
			proxyType = 1;
			remoteGlobalIDString = "PBXProjParser::PBXProjParserTests";
			remoteInfo = PBXProjParserTests;
		};
/* End PBXContainerItemProxy section */

/* Begin PBXFileReference section */
		"CommandLineKit::CommandLineKit::Product" /* CommandLineKit.framework */ = {isa = PBXFileReference; lastKnownFileType = wrapper.framework; path = CommandLineKit.framework; sourceTree = BUILT_PRODUCTS_DIR; };
		OBJ_10 /* LexerError.swift */ = {isa = PBXFileReference; lastKnownFileType = sourcecode.swift; path = LexerError.swift; sourceTree = "<group>"; };
		OBJ_11 /* SyntaxError.swift */ = {isa = PBXFileReference; lastKnownFileType = sourcecode.swift; path = SyntaxError.swift; sourceTree = "<group>"; };
		OBJ_13 /* PBXLexer.swift */ = {isa = PBXFileReference; lastKnownFileType = sourcecode.swift; path = PBXLexer.swift; sourceTree = "<group>"; };
		OBJ_15 /* PBXToken.swift */ = {isa = PBXFileReference; lastKnownFileType = sourcecode.swift; path = PBXToken.swift; sourceTree = "<group>"; };
		OBJ_18 /* Node.swift */ = {isa = PBXFileReference; lastKnownFileType = sourcecode.swift; path = Node.swift; sourceTree = "<group>"; };
		OBJ_19 /* PBXFileISAType.swift */ = {isa = PBXFileReference; lastKnownFileType = sourcecode.swift; path = PBXFileISAType.swift; sourceTree = "<group>"; };
		OBJ_20 /* PBXProjNode.swift */ = {isa = PBXFileReference; lastKnownFileType = sourcecode.swift; path = PBXProjNode.swift; sourceTree = "<group>"; };
		OBJ_23 /* PBXBuildFileSectionItem.swift */ = {isa = PBXFileReference; lastKnownFileType = sourcecode.swift; path = PBXBuildFileSectionItem.swift; sourceTree = "<group>"; };
		OBJ_25 /* PBXFileReferenceSectionItem.swift */ = {isa = PBXFileReference; lastKnownFileType = sourcecode.swift; path = PBXFileReferenceSectionItem.swift; sourceTree = "<group>"; };
		OBJ_27 /* PBXGroupSectionItem.swift */ = {isa = PBXFileReference; lastKnownFileType = sourcecode.swift; path = PBXGroupSectionItem.swift; sourceTree = "<group>"; };
		OBJ_29 /* PBXProjectSectionItem.swift */ = {isa = PBXFileReference; lastKnownFileType = sourcecode.swift; path = PBXProjectSectionItem.swift; sourceTree = "<group>"; };
		OBJ_30 /* Section.swift */ = {isa = PBXFileReference; lastKnownFileType = sourcecode.swift; path = Section.swift; sourceTree = "<group>"; };
		OBJ_31 /* SectionItem.swift */ = {isa = PBXFileReference; lastKnownFileType = sourcecode.swift; path = SectionItem.swift; sourceTree = "<group>"; };
		OBJ_32 /* PBXProjParser.swift */ = {isa = PBXFileReference; lastKnownFileType = sourcecode.swift; path = PBXProjParser.swift; sourceTree = "<group>"; };
		OBJ_34 /* PBXValue.swift */ = {isa = PBXFileReference; lastKnownFileType = sourcecode.swift; path = PBXValue.swift; sourceTree = "<group>"; };
		OBJ_35 /* StringExtension.swift */ = {isa = PBXFileReference; lastKnownFileType = sourcecode.swift; path = StringExtension.swift; sourceTree = "<group>"; };
		OBJ_36 /* Tool.swift */ = {isa = PBXFileReference; lastKnownFileType = sourcecode.swift; path = Tool.swift; sourceTree = "<group>"; };
		OBJ_37 /* main.swift */ = {isa = PBXFileReference; lastKnownFileType = sourcecode.swift; path = main.swift; sourceTree = "<group>"; };
		OBJ_40 /* PBXProjParserTests.swift */ = {isa = PBXFileReference; lastKnownFileType = sourcecode.swift; path = PBXProjParserTests.swift; sourceTree = "<group>"; };
		OBJ_44 /* CommandLine.swift */ = {isa = PBXFileReference; lastKnownFileType = sourcecode.swift; path = CommandLine.swift; sourceTree = "<group>"; };
		OBJ_45 /* Option.swift */ = {isa = PBXFileReference; lastKnownFileType = sourcecode.swift; path = Option.swift; sourceTree = "<group>"; };
		OBJ_46 /* StringExtensions.swift */ = {isa = PBXFileReference; lastKnownFileType = sourcecode.swift; path = StringExtensions.swift; sourceTree = "<group>"; };
		OBJ_47 /* Package.swift */ = {isa = PBXFileReference; explicitFileType = sourcecode.swift; name = Package.swift; path = /Users/larry/Documents/Practice/PBXProjParser/.build/checkouts/CommandLineKit/Package.swift; sourceTree = "<group>"; };
		OBJ_52 /* README.md */ = {isa = PBXFileReference; lastKnownFileType = net.daringfireball.markdown; path = README.md; sourceTree = "<group>"; };
		OBJ_6 /* Package.swift */ = {isa = PBXFileReference; explicitFileType = sourcecode.swift; path = Package.swift; sourceTree = "<group>"; };
		"PBXProjParser::PBXProjParser::Product" /* PBXProjParser */ = {isa = PBXFileReference; lastKnownFileType = text; path = PBXProjParser; sourceTree = BUILT_PRODUCTS_DIR; };
		"PBXProjParser::PBXProjParserTests::Product" /* PBXProjParserTests.xctest */ = {isa = PBXFileReference; lastKnownFileType = file; path = PBXProjParserTests.xctest; sourceTree = BUILT_PRODUCTS_DIR; };
/* End PBXFileReference section */

/* Begin PBXFrameworksBuildPhase section */
		OBJ_111 /* Frameworks */ = {
			isa = PBXFrameworksBuildPhase;
			buildActionMask = 0;
			files = (
				OBJ_112 /* CommandLineKit.framework in Frameworks */,
			);
			runOnlyForDeploymentPostprocessing = 0;
		};
		OBJ_61 /* Frameworks */ = {
			isa = PBXFrameworksBuildPhase;
			buildActionMask = 0;
			files = (
			);
			runOnlyForDeploymentPostprocessing = 0;
		};
		OBJ_91 /* Frameworks */ = {
			isa = PBXFrameworksBuildPhase;
			buildActionMask = 0;
			files = (
				OBJ_92 /* CommandLineKit.framework in Frameworks */,
			);
			runOnlyForDeploymentPostprocessing = 0;
		};
/* End PBXFrameworksBuildPhase section */

/* Begin PBXGroup section */
		OBJ_12 /* Lexer */ = {
			isa = PBXGroup;
			children = (
				OBJ_13 /* PBXLexer.swift */,
				OBJ_14 /* Token */,
			);
			path = Lexer;
			sourceTree = "<group>";
		};
		OBJ_14 /* Token */ = {
			isa = PBXGroup;
			children = (
				OBJ_15 /* PBXToken.swift */,
			);
			path = Token;
			sourceTree = "<group>";
		};
		OBJ_16 /* Model */ = {
			isa = PBXGroup;
			children = (
				OBJ_17 /* Base */,
				OBJ_21 /* Section */,
			);
			path = Model;
			sourceTree = "<group>";
		};
		OBJ_17 /* Base */ = {
			isa = PBXGroup;
			children = (
				OBJ_18 /* Node.swift */,
				OBJ_19 /* PBXFileISAType.swift */,
				OBJ_20 /* PBXProjNode.swift */,
			);
			path = Base;
			sourceTree = "<group>";
		};
		OBJ_21 /* Section */ = {
			isa = PBXGroup;
			children = (
				OBJ_22 /* PBXBuildFileSection */,
				OBJ_24 /* PBXFileReferenceSection */,
				OBJ_26 /* PBXGroupSection */,
				OBJ_28 /* PBXProjectSection */,
				OBJ_30 /* Section.swift */,
				OBJ_31 /* SectionItem.swift */,
			);
			path = Section;
			sourceTree = "<group>";
		};
		OBJ_22 /* PBXBuildFileSection */ = {
			isa = PBXGroup;
			children = (
				OBJ_23 /* PBXBuildFileSectionItem.swift */,
			);
			path = PBXBuildFileSection;
			sourceTree = "<group>";
		};
		OBJ_24 /* PBXFileReferenceSection */ = {
			isa = PBXGroup;
			children = (
				OBJ_25 /* PBXFileReferenceSectionItem.swift */,
			);
			path = PBXFileReferenceSection;
			sourceTree = "<group>";
		};
		OBJ_26 /* PBXGroupSection */ = {
			isa = PBXGroup;
			children = (
				OBJ_27 /* PBXGroupSectionItem.swift */,
			);
			path = PBXGroupSection;
			sourceTree = "<group>";
		};
		OBJ_28 /* PBXProjectSection */ = {
			isa = PBXGroup;
			children = (
				OBJ_29 /* PBXProjectSectionItem.swift */,
			);
			path = PBXProjectSection;
			sourceTree = "<group>";
		};
		OBJ_33 /* Utils */ = {
			isa = PBXGroup;
			children = (
				OBJ_34 /* PBXValue.swift */,
				OBJ_35 /* StringExtension.swift */,
				OBJ_36 /* Tool.swift */,
			);
			path = Utils;
			sourceTree = "<group>";
		};
		OBJ_38 /* Tests */ = {
			isa = PBXGroup;
			children = (
				OBJ_39 /* PBXProjParserTests */,
			);
			name = Tests;
			sourceTree = SOURCE_ROOT;
		};
		OBJ_39 /* PBXProjParserTests */ = {
			isa = PBXGroup;
			children = (
				OBJ_40 /* PBXProjParserTests.swift */,
			);
			name = PBXProjParserTests;
			path = Tests/PBXProjParserTests;
			sourceTree = SOURCE_ROOT;
		};
		OBJ_41 /* Dependencies */ = {
			isa = PBXGroup;
			children = (
				OBJ_42 /* CommandLineKit 2.3.0 */,
			);
			name = Dependencies;
			sourceTree = "<group>";
		};
		OBJ_42 /* CommandLineKit 2.3.0 */ = {
			isa = PBXGroup;
			children = (
				OBJ_43 /* CommandLineKit */,
				OBJ_47 /* Package.swift */,
			);
			name = "CommandLineKit 2.3.0";
			sourceTree = SOURCE_ROOT;
		};
		OBJ_43 /* CommandLineKit */ = {
			isa = PBXGroup;
			children = (
				OBJ_44 /* CommandLine.swift */,
				OBJ_45 /* Option.swift */,
				OBJ_46 /* StringExtensions.swift */,
			);
			name = CommandLineKit;
			path = .build/checkouts/CommandLineKit/Sources/CommandLineKit;
			sourceTree = SOURCE_ROOT;
		};
		OBJ_48 /* Products */ = {
			isa = PBXGroup;
			children = (
				"CommandLineKit::CommandLineKit::Product" /* CommandLineKit.framework */,
				"PBXProjParser::PBXProjParser::Product" /* PBXProjParser */,
				"PBXProjParser::PBXProjParserTests::Product" /* PBXProjParserTests.xctest */,
			);
			name = Products;
			sourceTree = BUILT_PRODUCTS_DIR;
		};
		OBJ_5 /*  */ = {
			isa = PBXGroup;
			children = (
				OBJ_6 /* Package.swift */,
				OBJ_7 /* Sources */,
				OBJ_38 /* Tests */,
				OBJ_41 /* Dependencies */,
				OBJ_48 /* Products */,
				OBJ_52 /* README.md */,
			);
			name = "";
			sourceTree = "<group>";
		};
		OBJ_7 /* Sources */ = {
			isa = PBXGroup;
			children = (
				OBJ_8 /* PBXProjParser */,
			);
			name = Sources;
			sourceTree = SOURCE_ROOT;
		};
		OBJ_8 /* PBXProjParser */ = {
			isa = PBXGroup;
			children = (
				OBJ_9 /* Error */,
				OBJ_12 /* Lexer */,
				OBJ_16 /* Model */,
				OBJ_32 /* PBXProjParser.swift */,
				OBJ_33 /* Utils */,
				OBJ_37 /* main.swift */,
			);
			name = PBXProjParser;
			path = Sources/PBXProjParser;
			sourceTree = SOURCE_ROOT;
		};
		OBJ_9 /* Error */ = {
			isa = PBXGroup;
			children = (
				OBJ_10 /* LexerError.swift */,
				OBJ_11 /* SyntaxError.swift */,
			);
			path = Error;
			sourceTree = "<group>";
		};
/* End PBXGroup section */

/* Begin PBXNativeTarget section */
		"CommandLineKit::CommandLineKit" /* CommandLineKit */ = {
			isa = PBXNativeTarget;
			buildConfigurationList = OBJ_54 /* Build configuration list for PBXNativeTarget "CommandLineKit" */;
			buildPhases = (
				OBJ_57 /* Sources */,
				OBJ_61 /* Frameworks */,
			);
			buildRules = (
			);
			dependencies = (
			);
			name = CommandLineKit;
			productName = CommandLineKit;
			productReference = "CommandLineKit::CommandLineKit::Product" /* CommandLineKit.framework */;
			productType = "com.apple.product-type.framework";
		};
		"CommandLineKit::SwiftPMPackageDescription" /* CommandLineKitPackageDescription */ = {
			isa = PBXNativeTarget;
			buildConfigurationList = OBJ_63 /* Build configuration list for PBXNativeTarget "CommandLineKitPackageDescription" */;
			buildPhases = (
				OBJ_66 /* Sources */,
			);
			buildRules = (
			);
			dependencies = (
			);
			name = CommandLineKitPackageDescription;
			productName = CommandLineKitPackageDescription;
			productType = "com.apple.product-type.framework";
		};
		"PBXProjParser::PBXProjParser" /* PBXProjParser */ = {
			isa = PBXNativeTarget;
			buildConfigurationList = OBJ_69 /* Build configuration list for PBXNativeTarget "PBXProjParser" */;
			buildPhases = (
				OBJ_72 /* Sources */,
				OBJ_91 /* Frameworks */,
			);
			buildRules = (
			);
			dependencies = (
				OBJ_93 /* PBXTargetDependency */,
			);
			name = PBXProjParser;
			productName = PBXProjParser;
			productReference = "PBXProjParser::PBXProjParser::Product" /* PBXProjParser */;
			productType = "com.apple.product-type.tool";
		};
		"PBXProjParser::PBXProjParserTests" /* PBXProjParserTests */ = {
			isa = PBXNativeTarget;
			buildConfigurationList = OBJ_106 /* Build configuration list for PBXNativeTarget "PBXProjParserTests" */;
			buildPhases = (
				OBJ_109 /* Sources */,
				OBJ_111 /* Frameworks */,
			);
			buildRules = (
			);
			dependencies = (
				OBJ_113 /* PBXTargetDependency */,
				OBJ_114 /* PBXTargetDependency */,
			);
			name = PBXProjParserTests;
			productName = PBXProjParserTests;
			productReference = "PBXProjParser::PBXProjParserTests::Product" /* PBXProjParserTests.xctest */;
			productType = "com.apple.product-type.bundle.unit-test";
		};
		"PBXProjParser::SwiftPMPackageDescription" /* PBXProjParserPackageDescription */ = {
			isa = PBXNativeTarget;
			buildConfigurationList = OBJ_95 /* Build configuration list for PBXNativeTarget "PBXProjParserPackageDescription" */;
			buildPhases = (
				OBJ_98 /* Sources */,
			);
			buildRules = (
			);
			dependencies = (
			);
			name = PBXProjParserPackageDescription;
			productName = PBXProjParserPackageDescription;
			productType = "com.apple.product-type.framework";
		};
/* End PBXNativeTarget section */

/* Begin PBXProject section */
		OBJ_1 /* Project object */ = {
			isa = PBXProject;
			attributes = {
				LastSwiftMigration = 9999;
				LastUpgradeCheck = 9999;
				ORGANIZATIONNAME = "柳钰柯";
			};
			buildConfigurationList = OBJ_2 /* Build configuration list for PBXProject "PBXProjParser" */;
			compatibilityVersion = "Xcode 3.2";
			developmentRegion = en;
			hasScannedForEncodings = 0;
			knownRegions = (
				en,
			);
			mainGroup = OBJ_5 /*  */;
			productRefGroup = OBJ_48 /* Products */;
			projectDirPath = "";
			projectRoot = "";
			targets = (
				"CommandLineKit::CommandLineKit" /* CommandLineKit */,
				"CommandLineKit::SwiftPMPackageDescription" /* CommandLineKitPackageDescription */,
				"PBXProjParser::PBXProjParser" /* PBXProjParser */,
				"PBXProjParser::SwiftPMPackageDescription" /* PBXProjParserPackageDescription */,
				"PBXProjParser::PBXProjParserPackageTests::ProductTarget" /* PBXProjParserPackageTests */,
				"PBXProjParser::PBXProjParserTests" /* PBXProjParserTests */,
			);
		};
/* End PBXProject section */

/* Begin PBXSourcesBuildPhase section */
		OBJ_109 /* Sources */ = {
			isa = PBXSourcesBuildPhase;
			buildActionMask = 0;
			files = (
				OBJ_110 /* PBXProjParserTests.swift in Sources */,
			);
			runOnlyForDeploymentPostprocessing = 0;
		};
		OBJ_57 /* Sources */ = {
			isa = PBXSourcesBuildPhase;
			buildActionMask = 0;
			files = (
				OBJ_58 /* CommandLine.swift in Sources */,
				OBJ_59 /* Option.swift in Sources */,
				OBJ_60 /* StringExtensions.swift in Sources */,
			);
			runOnlyForDeploymentPostprocessing = 0;
		};
		OBJ_66 /* Sources */ = {
			isa = PBXSourcesBuildPhase;
			buildActionMask = 0;
			files = (
				OBJ_67 /* Package.swift in Sources */,
			);
			runOnlyForDeploymentPostprocessing = 0;
		};
		OBJ_72 /* Sources */ = {
			isa = PBXSourcesBuildPhase;
			buildActionMask = 0;
			files = (
				OBJ_73 /* LexerError.swift in Sources */,
				OBJ_74 /* SyntaxError.swift in Sources */,
				OBJ_75 /* PBXLexer.swift in Sources */,
				OBJ_76 /* PBXToken.swift in Sources */,
				OBJ_77 /* Node.swift in Sources */,
				OBJ_78 /* PBXFileISAType.swift in Sources */,
				OBJ_79 /* PBXProjNode.swift in Sources */,
				OBJ_80 /* PBXBuildFileSectionItem.swift in Sources */,
				OBJ_81 /* PBXFileReferenceSectionItem.swift in Sources */,
				OBJ_82 /* PBXGroupSectionItem.swift in Sources */,
				OBJ_83 /* PBXProjectSectionItem.swift in Sources */,
				OBJ_84 /* Section.swift in Sources */,
				OBJ_85 /* SectionItem.swift in Sources */,
				OBJ_86 /* PBXProjParser.swift in Sources */,
				OBJ_87 /* PBXValue.swift in Sources */,
				OBJ_88 /* StringExtension.swift in Sources */,
				OBJ_89 /* Tool.swift in Sources */,
				OBJ_90 /* main.swift in Sources */,
			);
			runOnlyForDeploymentPostprocessing = 0;
		};
		OBJ_98 /* Sources */ = {
			isa = PBXSourcesBuildPhase;
			buildActionMask = 0;
			files = (
				OBJ_99 /* Package.swift in Sources */,
			);
			runOnlyForDeploymentPostprocessing = 0;
		};
/* End PBXSourcesBuildPhase section */

/* Begin PBXTargetDependency section */
		OBJ_104 /* PBXTargetDependency */ = {
			isa = PBXTargetDependency;
			target = "PBXProjParser::PBXProjParserTests" /* PBXProjParserTests */;
			targetProxy = 468FE8F626D3AC83008FABF0 /* PBXContainerItemProxy */;
		};
		OBJ_113 /* PBXTargetDependency */ = {
			isa = PBXTargetDependency;
			target = "PBXProjParser::PBXProjParser" /* PBXProjParser */;
			targetProxy = 468FE8F426D3AC82008FABF0 /* PBXContainerItemProxy */;
		};
		OBJ_114 /* PBXTargetDependency */ = {
			isa = PBXTargetDependency;
			target = "CommandLineKit::CommandLineKit" /* CommandLineKit */;
			targetProxy = 468FE8F526D3AC82008FABF0 /* PBXContainerItemProxy */;
		};
		OBJ_93 /* PBXTargetDependency */ = {
			isa = PBXTargetDependency;
			target = "CommandLineKit::CommandLineKit" /* CommandLineKit */;
			targetProxy = 468FE8F326D3AC82008FABF0 /* PBXContainerItemProxy */;
		};
/* End PBXTargetDependency section */

/* Begin XCBuildConfiguration section */
		OBJ_102 /* Debug */ = {
			isa = XCBuildConfiguration;
			buildSettings = {
			};
			name = Debug;
		};
		OBJ_103 /* Release */ = {
			isa = XCBuildConfiguration;
			buildSettings = {
			};
			name = Release;
		};
		OBJ_107 /* Debug */ = {
			isa = XCBuildConfiguration;
			buildSettings = {
				CLANG_ENABLE_MODULES = YES;
				CURRENT_PROJECT_VERSION = 1;
				EMBEDDED_CONTENT_CONTAINS_SWIFT = YES;
				FRAMEWORK_SEARCH_PATHS = (
					"$(inherited)",
					"$(PLATFORM_DIR)/Developer/Library/Frameworks",
				);
				HEADER_SEARCH_PATHS = "$(inherited)";
				INFOPLIST_FILE = PBXProjParser.xcodeproj/PBXProjParserTests_Info.plist;
				IPHONEOS_DEPLOYMENT_TARGET = 14.0;
				LD_RUNPATH_SEARCH_PATHS = "$(inherited) @loader_path/../Frameworks @loader_path/Frameworks";
				MACOSX_DEPLOYMENT_TARGET = 10.15;
				OTHER_CFLAGS = "$(inherited)";
				OTHER_LDFLAGS = "$(inherited)";
				OTHER_SWIFT_FLAGS = "$(inherited)";
				SWIFT_ACTIVE_COMPILATION_CONDITIONS = "$(inherited)";
				SWIFT_VERSION = 5.0;
				TARGET_NAME = PBXProjParserTests;
				TVOS_DEPLOYMENT_TARGET = 9.0;
				WATCHOS_DEPLOYMENT_TARGET = 7.0;
			};
			name = Debug;
		};
		OBJ_108 /* Release */ = {
			isa = XCBuildConfiguration;
			buildSettings = {
				CLANG_ENABLE_MODULES = YES;
				CURRENT_PROJECT_VERSION = 1;
				EMBEDDED_CONTENT_CONTAINS_SWIFT = YES;
				FRAMEWORK_SEARCH_PATHS = (
					"$(inherited)",
					"$(PLATFORM_DIR)/Developer/Library/Frameworks",
				);
				HEADER_SEARCH_PATHS = "$(inherited)";
				INFOPLIST_FILE = PBXProjParser.xcodeproj/PBXProjParserTests_Info.plist;
				IPHONEOS_DEPLOYMENT_TARGET = 14.0;
				LD_RUNPATH_SEARCH_PATHS = "$(inherited) @loader_path/../Frameworks @loader_path/Frameworks";
				MACOSX_DEPLOYMENT_TARGET = 10.15;
				OTHER_CFLAGS = "$(inherited)";
				OTHER_LDFLAGS = "$(inherited)";
				OTHER_SWIFT_FLAGS = "$(inherited)";
				SWIFT_ACTIVE_COMPILATION_CONDITIONS = "$(inherited)";
				SWIFT_VERSION = 5.0;
				TARGET_NAME = PBXProjParserTests;
				TVOS_DEPLOYMENT_TARGET = 9.0;
				WATCHOS_DEPLOYMENT_TARGET = 7.0;
			};
			name = Release;
		};
		OBJ_3 /* Debug */ = {
			isa = XCBuildConfiguration;
			buildSettings = {
				CLANG_ENABLE_OBJC_ARC = YES;
				COMBINE_HIDPI_IMAGES = YES;
				COPY_PHASE_STRIP = NO;
				DEBUG_INFORMATION_FORMAT = dwarf;
				DYLIB_INSTALL_NAME_BASE = "@rpath";
				ENABLE_NS_ASSERTIONS = YES;
				GCC_OPTIMIZATION_LEVEL = 0;
				GCC_PREPROCESSOR_DEFINITIONS = (
					"$(inherited)",
					"SWIFT_PACKAGE=1",
					"DEBUG=1",
				);
				MACOSX_DEPLOYMENT_TARGET = 10.10;
				ONLY_ACTIVE_ARCH = YES;
				OTHER_SWIFT_FLAGS = "$(inherited) -DXcode";
				PRODUCT_NAME = "$(TARGET_NAME)";
				SDKROOT = macosx;
				SUPPORTED_PLATFORMS = "$(AVAILABLE_PLATFORMS)";
				SUPPORTS_MACCATALYST = YES;
				SWIFT_ACTIVE_COMPILATION_CONDITIONS = "$(inherited) SWIFT_PACKAGE DEBUG";
				SWIFT_OPTIMIZATION_LEVEL = "-Onone";
				USE_HEADERMAP = NO;
			};
			name = Debug;
		};
		OBJ_4 /* Release */ = {
			isa = XCBuildConfiguration;
			buildSettings = {
				CLANG_ENABLE_OBJC_ARC = YES;
				COMBINE_HIDPI_IMAGES = YES;
				COPY_PHASE_STRIP = YES;
				DEBUG_INFORMATION_FORMAT = "dwarf-with-dsym";
				DYLIB_INSTALL_NAME_BASE = "@rpath";
				GCC_OPTIMIZATION_LEVEL = s;
				GCC_PREPROCESSOR_DEFINITIONS = (
					"$(inherited)",
					"SWIFT_PACKAGE=1",
				);
				MACOSX_DEPLOYMENT_TARGET = 10.10;
				OTHER_SWIFT_FLAGS = "$(inherited) -DXcode";
				PRODUCT_NAME = "$(TARGET_NAME)";
				SDKROOT = macosx;
				SUPPORTED_PLATFORMS = "$(AVAILABLE_PLATFORMS)";
				SUPPORTS_MACCATALYST = YES;
				SWIFT_ACTIVE_COMPILATION_CONDITIONS = "$(inherited) SWIFT_PACKAGE";
				SWIFT_OPTIMIZATION_LEVEL = "-Owholemodule";
				USE_HEADERMAP = NO;
			};
			name = Release;
		};
		OBJ_55 /* Debug */ = {
			isa = XCBuildConfiguration;
			buildSettings = {
				CURRENT_PROJECT_VERSION = 1;
				ENABLE_TESTABILITY = YES;
				FRAMEWORK_SEARCH_PATHS = (
					"$(inherited)",
					"$(PLATFORM_DIR)/Developer/Library/Frameworks",
				);
				HEADER_SEARCH_PATHS = "$(inherited)";
				INFOPLIST_FILE = PBXProjParser.xcodeproj/CommandLineKit_Info.plist;
				LD_RUNPATH_SEARCH_PATHS = "$(inherited) $(TOOLCHAIN_DIR)/usr/lib/swift/macosx";
				OTHER_CFLAGS = "$(inherited)";
				OTHER_LDFLAGS = "$(inherited)";
				OTHER_SWIFT_FLAGS = "$(inherited)";
				PRODUCT_BUNDLE_IDENTIFIER = CommandLineKit;
				PRODUCT_MODULE_NAME = "$(TARGET_NAME:c99extidentifier)";
				PRODUCT_NAME = "$(TARGET_NAME:c99extidentifier)";
				SKIP_INSTALL = YES;
				SWIFT_ACTIVE_COMPILATION_CONDITIONS = "$(inherited)";
				SWIFT_VERSION = 5.0;
				TARGET_NAME = CommandLineKit;
			};
			name = Debug;
		};
		OBJ_56 /* Release */ = {
			isa = XCBuildConfiguration;
			buildSettings = {
				CURRENT_PROJECT_VERSION = 1;
				ENABLE_TESTABILITY = YES;
				FRAMEWORK_SEARCH_PATHS = (
					"$(inherited)",
					"$(PLATFORM_DIR)/Developer/Library/Frameworks",
				);
				HEADER_SEARCH_PATHS = "$(inherited)";
				INFOPLIST_FILE = PBXProjParser.xcodeproj/CommandLineKit_Info.plist;
				LD_RUNPATH_SEARCH_PATHS = "$(inherited) $(TOOLCHAIN_DIR)/usr/lib/swift/macosx";
				OTHER_CFLAGS = "$(inherited)";
				OTHER_LDFLAGS = "$(inherited)";
				OTHER_SWIFT_FLAGS = "$(inherited)";
				PRODUCT_BUNDLE_IDENTIFIER = CommandLineKit;
				PRODUCT_MODULE_NAME = "$(TARGET_NAME:c99extidentifier)";
				PRODUCT_NAME = "$(TARGET_NAME:c99extidentifier)";
				SKIP_INSTALL = YES;
				SWIFT_ACTIVE_COMPILATION_CONDITIONS = "$(inherited)";
				SWIFT_VERSION = 5.0;
				TARGET_NAME = CommandLineKit;
			};
			name = Release;
		};
		OBJ_64 /* Debug */ = {
			isa = XCBuildConfiguration;
			buildSettings = {
				LD = /usr/bin/true;
				OTHER_SWIFT_FLAGS = "-swift-version 4.2 -I $(TOOLCHAIN_DIR)/usr/lib/swift/pm/4_2 -sdk /Applications/Xcode12.5.app/Contents/Developer/Platforms/MacOSX.platform/Developer/SDKs/MacOSX11.3.sdk -package-description-version 4.2.0";
				SWIFT_VERSION = 4.2;
			};
			name = Debug;
		};
		OBJ_65 /* Release */ = {
			isa = XCBuildConfiguration;
			buildSettings = {
				LD = /usr/bin/true;
				OTHER_SWIFT_FLAGS = "-swift-version 4.2 -I $(TOOLCHAIN_DIR)/usr/lib/swift/pm/4_2 -sdk /Applications/Xcode12.5.app/Contents/Developer/Platforms/MacOSX.platform/Developer/SDKs/MacOSX11.3.sdk -package-description-version 4.2.0";
				SWIFT_VERSION = 4.2;
			};
			name = Release;
		};
		OBJ_70 /* Debug */ = {
			isa = XCBuildConfiguration;
			buildSettings = {
				CURRENT_PROJECT_VERSION = 1;
				FRAMEWORK_SEARCH_PATHS = (
					"$(inherited)",
					"$(PLATFORM_DIR)/Developer/Library/Frameworks",
				);
				HEADER_SEARCH_PATHS = "$(inherited)";
				INFOPLIST_FILE = PBXProjParser.xcodeproj/PBXProjParser_Info.plist;
				IPHONEOS_DEPLOYMENT_TARGET = 9.0;
				LD_RUNPATH_SEARCH_PATHS = "$(inherited) $(TOOLCHAIN_DIR)/usr/lib/swift/macosx @executable_path";
				MACOSX_DEPLOYMENT_TARGET = 10.10;
				OTHER_CFLAGS = "$(inherited)";
				OTHER_LDFLAGS = "$(inherited)";
				OTHER_SWIFT_FLAGS = "$(inherited)";
				SWIFT_ACTIVE_COMPILATION_CONDITIONS = "$(inherited)";
				SWIFT_FORCE_DYNAMIC_LINK_STDLIB = YES;
				SWIFT_FORCE_STATIC_LINK_STDLIB = NO;
				SWIFT_VERSION = 5.0;
				TARGET_NAME = PBXProjParser;
				TVOS_DEPLOYMENT_TARGET = 9.0;
				WATCHOS_DEPLOYMENT_TARGET = 2.0;
			};
			name = Debug;
		};
		OBJ_71 /* Release */ = {
			isa = XCBuildConfiguration;
			buildSettings = {
				CURRENT_PROJECT_VERSION = 1;
				FRAMEWORK_SEARCH_PATHS = (
					"$(inherited)",
					"$(PLATFORM_DIR)/Developer/Library/Frameworks",
				);
				HEADER_SEARCH_PATHS = "$(inherited)";
				INFOPLIST_FILE = PBXProjParser.xcodeproj/PBXProjParser_Info.plist;
				IPHONEOS_DEPLOYMENT_TARGET = 9.0;
				LD_RUNPATH_SEARCH_PATHS = "$(inherited) $(TOOLCHAIN_DIR)/usr/lib/swift/macosx @executable_path";
				MACOSX_DEPLOYMENT_TARGET = 10.10;
				OTHER_CFLAGS = "$(inherited)";
				OTHER_LDFLAGS = "$(inherited)";
				OTHER_SWIFT_FLAGS = "$(inherited)";
				SWIFT_ACTIVE_COMPILATION_CONDITIONS = "$(inherited)";
				SWIFT_FORCE_DYNAMIC_LINK_STDLIB = YES;
				SWIFT_FORCE_STATIC_LINK_STDLIB = NO;
				SWIFT_VERSION = 5.0;
				TARGET_NAME = PBXProjParser;
				TVOS_DEPLOYMENT_TARGET = 9.0;
				WATCHOS_DEPLOYMENT_TARGET = 2.0;
			};
			name = Release;
		};
		OBJ_96 /* Debug */ = {
			isa = XCBuildConfiguration;
			buildSettings = {
				LD = /usr/bin/true;
				OTHER_SWIFT_FLAGS = "-swift-version 5 -I $(TOOLCHAIN_DIR)/usr/lib/swift/pm/4_2 -sdk /Applications/Xcode12.5.app/Contents/Developer/Platforms/MacOSX.platform/Developer/SDKs/MacOSX11.3.sdk -package-description-version 5.3.0";
				SWIFT_VERSION = 5.0;
			};
			name = Debug;
		};
		OBJ_97 /* Release */ = {
			isa = XCBuildConfiguration;
			buildSettings = {
				LD = /usr/bin/true;
				OTHER_SWIFT_FLAGS = "-swift-version 5 -I $(TOOLCHAIN_DIR)/usr/lib/swift/pm/4_2 -sdk /Applications/Xcode12.5.app/Contents/Developer/Platforms/MacOSX.platform/Developer/SDKs/MacOSX11.3.sdk -package-description-version 5.3.0";
				SWIFT_VERSION = 5.0;
			};
			name = Release;
		};
/* End XCBuildConfiguration section */

/* Begin XCConfigurationList section */
		OBJ_101 /* Build configuration list for PBXAggregateTarget "PBXProjParserPackageTests" */ = {
			isa = XCConfigurationList;
			buildConfigurations = (
				OBJ_102 /* Debug */,
				OBJ_103 /* Release */,
			);
			defaultConfigurationIsVisible = 0;
			defaultConfigurationName = Release;
		};
		OBJ_106 /* Build configuration list for PBXNativeTarget "PBXProjParserTests" */ = {
			isa = XCConfigurationList;
			buildConfigurations = (
				OBJ_107 /* Debug */,
				OBJ_108 /* Release */,
			);
			defaultConfigurationIsVisible = 0;
			defaultConfigurationName = Release;
		};
		OBJ_2 /* Build configuration list for PBXProject "PBXProjParser" */ = {
			isa = XCConfigurationList;
			buildConfigurations = (
				OBJ_3 /* Debug */,
				OBJ_4 /* Release */,
			);
			defaultConfigurationIsVisible = 0;
			defaultConfigurationName = Release;
		};
		OBJ_54 /* Build configuration list for PBXNativeTarget "CommandLineKit" */ = {
			isa = XCConfigurationList;
			buildConfigurations = (
				OBJ_55 /* Debug */,
				OBJ_56 /* Release */,
			);
			defaultConfigurationIsVisible = 0;
			defaultConfigurationName = Release;
		};
		OBJ_63 /* Build configuration list for PBXNativeTarget "CommandLineKitPackageDescription" */ = {
			isa = XCConfigurationList;
			buildConfigurations = (
				OBJ_64 /* Debug */,
				OBJ_65 /* Release */,
			);
			defaultConfigurationIsVisible = 0;
			defaultConfigurationName = Release;
		};
		OBJ_69 /* Build configuration list for PBXNativeTarget "PBXProjParser" */ = {
			isa = XCConfigurationList;
			buildConfigurations = (
				OBJ_70 /* Debug */,
				OBJ_71 /* Release */,
			);
			defaultConfigurationIsVisible = 0;
			defaultConfigurationName = Release;
		};
		OBJ_95 /* Build configuration list for PBXNativeTarget "PBXProjParserPackageDescription" */ = {
			isa = XCConfigurationList;
			buildConfigurations = (
				OBJ_96 /* Debug */,
				OBJ_97 /* Release */,
			);
			defaultConfigurationIsVisible = 0;
			defaultConfigurationName = Release;
		};
/* End XCConfigurationList section */
	};
	rootObject = OBJ_1 /* Project object */;
}
